// !$*UTF8*$!
{
	archiveVersion = 1;
	classes = {
	};
	objectVersion = 51;
	objects = {

/* Begin PBXBuildFile section */
		073636F4BC1DF0B92D740267 /* BismushUITests.swift in Sources */ = {isa = PBXBuildFile; fileRef = 8C56295FADAE420FDBE69F9F /* BismushUITests.swift */; };
		0FDC3A566E21DAC14478FC79 /* ArtboardView.swift in Sources */ = {isa = PBXBuildFile; fileRef = AC87C9BFB1E74AA4AF5E2706 /* ArtboardView.swift */; };
		12D8938E22C43C8F2F531156 /* RingBufferTests.swift in Sources */ = {isa = PBXBuildFile; fileRef = ACA133AB5D70EDCE4007D891 /* RingBufferTests.swift */; };
		1639CBAE57EDEC01D247521D /* ArtboardLayerRenderer.swift in Sources */ = {isa = PBXBuildFile; fileRef = 13F7E862DF7803EAF0AAB77F /* ArtboardLayerRenderer.swift */; };
		17FBE179B1AEF2AEA168BC10 /* Transform2D.swift in Sources */ = {isa = PBXBuildFile; fileRef = 009FF0DCACF3D4E8AAD967F5 /* Transform2D.swift */; };
		1C511CC31675CC3C74557DA1 /* RingBuffer.swift in Sources */ = {isa = PBXBuildFile; fileRef = 08D92F2C618F53E6023F666D /* RingBuffer.swift */; };
		1EB0E60983E744A84332A651 /* BismushKit.framework in Embed Frameworks */ = {isa = PBXBuildFile; fileRef = 0B3B3603D98AAC01ECAF202F /* BismushKit.framework */; settings = {ATTRIBUTES = (CodeSignOnCopy, RemoveHeadersOnCopy, ); }; };
		2D8976162D1858820B69A971 /* StrokeRenderer.swift in Sources */ = {isa = PBXBuildFile; fileRef = B7733AD3F4BF1B547498EAFE /* StrokeRenderer.swift */; };
		30DE7501F46B0B070B4429D4 /* MobileBismushUITests.swift in Sources */ = {isa = PBXBuildFile; fileRef = 8C4D67FFCD3D2712759AB4C4 /* MobileBismushUITests.swift */; };
		3187A206968BEEBAF7E53578 /* PenInputEvent.swift in Sources */ = {isa = PBXBuildFile; fileRef = 4C82CB804A699A028F6F92D8 /* PenInputEvent.swift */; };
		3868C0BEBC2809EABD82B8B9 /* ArtboardLayerRenderer.swift in Sources */ = {isa = PBXBuildFile; fileRef = 13F7E862DF7803EAF0AAB77F /* ArtboardLayerRenderer.swift */; };
		38C4C5AB4CD231CF6E7DCFB0 /* StrokeRenderer.swift in Sources */ = {isa = PBXBuildFile; fileRef = B7733AD3F4BF1B547498EAFE /* StrokeRenderer.swift */; };
		39BC1815F2C291B828F54AEA /* RendererTestCase.swift in Sources */ = {isa = PBXBuildFile; fileRef = 594C856705B5CE068F7111CD /* RendererTestCase.swift */; };
		39DB00F0C0103A06B9024FD5 /* StrokeRendererTests.swift in Sources */ = {isa = PBXBuildFile; fileRef = 0544B021AE10B57FE66CCA90 /* StrokeRendererTests.swift */; };
		3A83D6BAB37535D12421CE0A /* Coordinate.swift in Sources */ = {isa = PBXBuildFile; fileRef = 4CBEA98566B8EAFCEBC20142 /* Coordinate.swift */; };
		3CE66C05771A8CC1920BDEE3 /* Brush.swift in Sources */ = {isa = PBXBuildFile; fileRef = 1CCEFFC44544D8F2F43801FA /* Brush.swift */; };
		417EB12CB654B7075B86AE44 /* Canvas.swift in Sources */ = {isa = PBXBuildFile; fileRef = 90A5B199200C2A17B3F6B5B7 /* Canvas.swift */; };
		4A5AE22E128A8A1138962F80 /* DynamicBuffer.swift in Sources */ = {isa = PBXBuildFile; fileRef = 5B6D6B1D3CCEE6145C08E5C4 /* DynamicBuffer.swift */; };
		4E142ADD70203B6173358EAB /* BismushKit.h in Headers */ = {isa = PBXBuildFile; fileRef = 5470BE55386A1F5C20A7BB17 /* BismushKit.h */; settings = {ATTRIBUTES = (Public, ); }; };
		51BAAEC97364C0E27291294F /* BismushKit.framework in Frameworks */ = {isa = PBXBuildFile; fileRef = 0B3B3603D98AAC01ECAF202F /* BismushKit.framework */; };
		54A743C8A759E26C699E8805 /* ContentView.swift in Sources */ = {isa = PBXBuildFile; fileRef = 8A85D9E6BB86E74655180B96 /* ContentView.swift */; };
		5505B30659B8196BA9AC5BE6 /* hello.png in Resources */ = {isa = PBXBuildFile; fileRef = DA0B354E867867D78618A68A /* hello.png */; };
		592207903509C5C23EB7EB63 /* Coordinate.swift in Sources */ = {isa = PBXBuildFile; fileRef = 4CBEA98566B8EAFCEBC20142 /* Coordinate.swift */; };
		5A104CC9A9FBF24A42A55715 /* Info.plist in Resources */ = {isa = PBXBuildFile; fileRef = 0F06C470880D8AD03A8196BC /* Info.plist */; };
		5A12504DBB00A7667B8F245C /* CanvasLayer.swift in Sources */ = {isa = PBXBuildFile; fileRef = 85B7080B33E26829F8390C43 /* CanvasLayer.swift */; };
		5CF41378C1967FB722A52BAE /* BismushDiagnose.swift in Sources */ = {isa = PBXBuildFile; fileRef = 7E1435DA6B63DCB0B9BCA070 /* BismushDiagnose.swift */; };
		5D26C052FE60AEA12540B041 /* BismushKit.h in Headers */ = {isa = PBXBuildFile; fileRef = 5470BE55386A1F5C20A7BB17 /* BismushKit.h */; settings = {ATTRIBUTES = (Public, ); }; };
		5D8374741A6AB57EBCF4B54C /* BismushApp.swift in Sources */ = {isa = PBXBuildFile; fileRef = 83EC32C5EAF6FA1F73892AB8 /* BismushApp.swift */; };
		5D9CE2201F9BF51825684C25 /* SIMD3+Bismush.swift in Sources */ = {isa = PBXBuildFile; fileRef = B6956AEB22ADBC4B2C873A69 /* SIMD3+Bismush.swift */; };
		613C621FC214BE57AC4967A7 /* square.png in Resources */ = {isa = PBXBuildFile; fileRef = CE7AA190D205E98D16E52A92 /* square.png */; };
		61B41BB86E95C0403EE22500 /* BismushLogger.swift in Sources */ = {isa = PBXBuildFile; fileRef = 2B9597D885110F827DFA203C /* BismushLogger.swift */; };
		62D24802840395EC8099DDBE /* Assets.xcassets in Resources */ = {isa = PBXBuildFile; fileRef = CC2849E558523FD851860CAC /* Assets.xcassets */; };
		657E222348CDB383227DDD93 /* ArtboardRenderer.swift in Sources */ = {isa = PBXBuildFile; fileRef = E94F528238D9074F9D63CF55 /* ArtboardRenderer.swift */; };
		68A1BFE9628D2A2CC3D52B13 /* Renderer.metal in Sources */ = {isa = PBXBuildFile; fileRef = BD6040FC8F76515F0202EA77 /* Renderer.metal */; };
		72A616B6569E6FF962BAF8BA /* BismusLaunchTests.swift in Sources */ = {isa = PBXBuildFile; fileRef = F3706BE7FA0CEB340600A675 /* BismusLaunchTests.swift */; };
		735F511377E2343382BED60B /* Transform2D.swift in Sources */ = {isa = PBXBuildFile; fileRef = 009FF0DCACF3D4E8AAD967F5 /* Transform2D.swift */; };
		73E2F203A3C252A5E27D840B /* GPUDevice.swift in Sources */ = {isa = PBXBuildFile; fileRef = ED54DBECD333D3F9FE097255 /* GPUDevice.swift */; };
		76AB5EAA8D7F4DAFC844A083 /* bezier.png in Resources */ = {isa = PBXBuildFile; fileRef = D29F8521E4AAB21AFA7B9E41 /* bezier.png */; };
		7912F2C63A229662175A1F6D /* ArtboardLayerStore.swift in Sources */ = {isa = PBXBuildFile; fileRef = F30FF823CCD859963E635371 /* ArtboardLayerStore.swift */; };
		8148E0EC58F27C6E8A7D77A8 /* BismushTests.swift in Sources */ = {isa = PBXBuildFile; fileRef = 345753DE643F32624B05DEBC /* BismushTests.swift */; };
		83D784C678C77DE29AC8B186 /* Renderer.metal in Sources */ = {isa = PBXBuildFile; fileRef = BD6040FC8F76515F0202EA77 /* Renderer.metal */; };
		867828BB02B9266C354EFBE8 /* BismushKit.framework in Frameworks */ = {isa = PBXBuildFile; fileRef = 0B3B3603D98AAC01ECAF202F /* BismushKit.framework */; };
		886869D23531D753C7502D1D /* RendererTestCase.swift in Sources */ = {isa = PBXBuildFile; fileRef = 594C856705B5CE068F7111CD /* RendererTestCase.swift */; };
		8BE38A46859A67C339A49486 /* ArtboardStore.swift in Sources */ = {isa = PBXBuildFile; fileRef = 72B4AE67E9ECF375B8D4A449 /* ArtboardStore.swift */; };
		962A3931819F4DD8EBA3F7E6 /* StrokeRendererTests.swift in Sources */ = {isa = PBXBuildFile; fileRef = 0544B021AE10B57FE66CCA90 /* StrokeRendererTests.swift */; };
		9BEA67E82A787707FD951EBD /* PenInputEvent.swift in Sources */ = {isa = PBXBuildFile; fileRef = 4C82CB804A699A028F6F92D8 /* PenInputEvent.swift */; };
		9BF57B799AF517CB8A75B346 /* BismushLogger.swift in Sources */ = {isa = PBXBuildFile; fileRef = 2B9597D885110F827DFA203C /* BismushLogger.swift */; };
		9CFC677A1F946EBEB4EE1504 /* BismushKit.framework in Frameworks */ = {isa = PBXBuildFile; fileRef = F29D8E06BAE28C83C76E963D /* BismushKit.framework */; };
		9DDC18CD54FDE40A581BDF1B /* RingBuffer.swift in Sources */ = {isa = PBXBuildFile; fileRef = 08D92F2C618F53E6023F666D /* RingBuffer.swift */; };
		9E94DAB00EA1BDE54E39AC2C /* BismushApp.swift in Sources */ = {isa = PBXBuildFile; fileRef = F815E58457BA6240A8C5C2F1 /* BismushApp.swift */; };
		A17361B851C953A7A1773908 /* BismushKit.framework in Embed Frameworks */ = {isa = PBXBuildFile; fileRef = F29D8E06BAE28C83C76E963D /* BismushKit.framework */; settings = {ATTRIBUTES = (CodeSignOnCopy, RemoveHeadersOnCopy, ); }; };
		A487C7929B6B600CEB93C9A4 /* BismushKitTests.swift in Sources */ = {isa = PBXBuildFile; fileRef = E7C9D6330721A5336B5015BC /* BismushKitTests.swift */; };
		AA6E4992DBAC2C235E3A20F3 /* ArtboardLayerStore.swift in Sources */ = {isa = PBXBuildFile; fileRef = F30FF823CCD859963E635371 /* ArtboardLayerStore.swift */; };
		AC5D0BF1496FDBC34FE6CBE6 /* ResourceLoader.swift in Sources */ = {isa = PBXBuildFile; fileRef = A109047217586F0B494D5AD7 /* ResourceLoader.swift */; };
		AC775C6D3F9C572AC12A713E /* yosemite.png in Resources */ = {isa = PBXBuildFile; fileRef = 0BC445ED01FB66CE90322781 /* yosemite.png */; };
		AC859BCBBCB1EC5599AFA29B /* GPUDevice.swift in Sources */ = {isa = PBXBuildFile; fileRef = ED54DBECD333D3F9FE097255 /* GPUDevice.swift */; };
		AF11059B447289540751FA27 /* CanvasLayer.swift in Sources */ = {isa = PBXBuildFile; fileRef = 85B7080B33E26829F8390C43 /* CanvasLayer.swift */; };
		B65D69102C20B3D894CBD6D7 /* BismushKit.framework in Embed Frameworks */ = {isa = PBXBuildFile; fileRef = F29D8E06BAE28C83C76E963D /* BismushKit.framework */; settings = {ATTRIBUTES = (CodeSignOnCopy, RemoveHeadersOnCopy, ); }; };
		B6E5C46845063F7BC702EC0D /* Canvas.swift in Sources */ = {isa = PBXBuildFile; fileRef = 90A5B199200C2A17B3F6B5B7 /* Canvas.swift */; };
		B8258E1947009950893ABAFE /* Brush.swift in Sources */ = {isa = PBXBuildFile; fileRef = 1CCEFFC44544D8F2F43801FA /* Brush.swift */; };
		BA163133E9C229D4BB93F9AB /* MobileBismushTests.swift in Sources */ = {isa = PBXBuildFile; fileRef = A5F42E2B32AC2021ADFFD0D7 /* MobileBismushTests.swift */; };
		BDE8AAA1CB249490561B3040 /* Assets.xcassets in Resources */ = {isa = PBXBuildFile; fileRef = 08357BEDDDAF54069A225502 /* Assets.xcassets */; };
		BDEBF56372173CEE962D04E7 /* BismushDiagnose.swift in Sources */ = {isa = PBXBuildFile; fileRef = 7E1435DA6B63DCB0B9BCA070 /* BismushDiagnose.swift */; };
		BF11E826225D17DA78361F07 /* hello.png in Resources */ = {isa = PBXBuildFile; fileRef = DA0B354E867867D78618A68A /* hello.png */; };
		C060A0F0A6AD1228EB0D2ACE /* ContentView.swift in Sources */ = {isa = PBXBuildFile; fileRef = BE69AFD1140750CAE634DCA2 /* ContentView.swift */; };
		C271432CA13D4E404971696E /* BismushKit.framework in Frameworks */ = {isa = PBXBuildFile; fileRef = F29D8E06BAE28C83C76E963D /* BismushKit.framework */; };
		C345D415C69012255092785D /* MobileBismushLaunchTests.swift in Sources */ = {isa = PBXBuildFile; fileRef = 2DC04AF35AB934DBF8F6B735 /* MobileBismushLaunchTests.swift */; };
		C5C5F955D69B6DFE1FF942E0 /* SIMD3+Bismush.swift in Sources */ = {isa = PBXBuildFile; fileRef = B6956AEB22ADBC4B2C873A69 /* SIMD3+Bismush.swift */; };
		CAE902A24BC01124A64A0484 /* BismushKitTests.swift in Sources */ = {isa = PBXBuildFile; fileRef = E7C9D6330721A5336B5015BC /* BismushKitTests.swift */; };
		CC54BE2C0EDA26330B8DA4EE /* ArtboardStore.swift in Sources */ = {isa = PBXBuildFile; fileRef = 72B4AE67E9ECF375B8D4A449 /* ArtboardStore.swift */; };
		CF82FA28797371F6B49E2607 /* ResourceLoader.swift in Sources */ = {isa = PBXBuildFile; fileRef = A109047217586F0B494D5AD7 /* ResourceLoader.swift */; };
		D2D92E317B57AB8AA2966B3C /* ArtboardRenderer.swift in Sources */ = {isa = PBXBuildFile; fileRef = E94F528238D9074F9D63CF55 /* ArtboardRenderer.swift */; };
		D2ECB1F06F463B776CE07871 /* DesktopArtboard.swift in Sources */ = {isa = PBXBuildFile; fileRef = EE26D0F72B7C746D2CD7E4FC /* DesktopArtboard.swift */; };
		E1CC06B0C701F60FBBEA2698 /* BismushKit.framework in Embed Frameworks */ = {isa = PBXBuildFile; fileRef = 0B3B3603D98AAC01ECAF202F /* BismushKit.framework */; settings = {ATTRIBUTES = (CodeSignOnCopy, RemoveHeadersOnCopy, ); }; };
		E6E567AD363D90390CD5A1C9 /* RingBufferTests.swift in Sources */ = {isa = PBXBuildFile; fileRef = ACA133AB5D70EDCE4007D891 /* RingBufferTests.swift */; };
		E91A87BA8730A198E32A4706 /* MobileArtboard.swift in Sources */ = {isa = PBXBuildFile; fileRef = CC193137D84BC71CC736C63B /* MobileArtboard.swift */; };
		EC88D0F2FE25BFB604F58294 /* ArtboardView.swift in Sources */ = {isa = PBXBuildFile; fileRef = AC87C9BFB1E74AA4AF5E2706 /* ArtboardView.swift */; };
		F44D12AF3AC3B9B3E92CD94B /* DynamicBuffer.swift in Sources */ = {isa = PBXBuildFile; fileRef = 5B6D6B1D3CCEE6145C08E5C4 /* DynamicBuffer.swift */; };
		F53CF1ADE395D4C8470F8A52 /* yosemite.png in Resources */ = {isa = PBXBuildFile; fileRef = 0BC445ED01FB66CE90322781 /* yosemite.png */; };
		F5D3C95D390168826E879CA0 /* square.png in Resources */ = {isa = PBXBuildFile; fileRef = CE7AA190D205E98D16E52A92 /* square.png */; };
		F971BE47717B6C09AC25D6C9 /* bezier.png in Resources */ = {isa = PBXBuildFile; fileRef = D29F8521E4AAB21AFA7B9E41 /* bezier.png */; };
/* End PBXBuildFile section */

/* Begin PBXContainerItemProxy section */
		00292071EFEF6472D82796D8 /* PBXContainerItemProxy */ = {
			isa = PBXContainerItemProxy;
			containerPortal = E03DBEA92E5CBF646017B99C /* Project object */;
			proxyType = 1;
			remoteGlobalIDString = 5E9652098AC1BB028D8C567C;
			remoteInfo = MobileBismush;
		};
		287A016D7475B0BCD10C517A /* PBXContainerItemProxy */ = {
			isa = PBXContainerItemProxy;
			containerPortal = E03DBEA92E5CBF646017B99C /* Project object */;
			proxyType = 1;
			remoteGlobalIDString = EB9FB15088B74104B736823E;
			remoteInfo = BismushKit_macOS;
		};
		5ACEF9CCF82BB7702B53E2BF /* PBXContainerItemProxy */ = {
			isa = PBXContainerItemProxy;
			containerPortal = E03DBEA92E5CBF646017B99C /* Project object */;
			proxyType = 1;
			remoteGlobalIDString = 5E9652098AC1BB028D8C567C;
			remoteInfo = MobileBismush;
		};
		78EEB265E3AEEC36BA0DF775 /* PBXContainerItemProxy */ = {
			isa = PBXContainerItemProxy;
			containerPortal = E03DBEA92E5CBF646017B99C /* Project object */;
			proxyType = 1;
			remoteGlobalIDString = EB9FB15088B74104B736823E;
			remoteInfo = BismushKit_macOS;
		};
		A427F58D537B1740994FBF60 /* PBXContainerItemProxy */ = {
			isa = PBXContainerItemProxy;
			containerPortal = E03DBEA92E5CBF646017B99C /* Project object */;
			proxyType = 1;
			remoteGlobalIDString = BF0A1AA88D0737389FF2B0F8;
			remoteInfo = BismushKit_iOS;
		};
		B34CD2C0F94316D95D9756BB /* PBXContainerItemProxy */ = {
			isa = PBXContainerItemProxy;
			containerPortal = E03DBEA92E5CBF646017B99C /* Project object */;
			proxyType = 1;
			remoteGlobalIDString = 068FB895A5E0E850190E80B5;
			remoteInfo = Bismush;
		};
		C973EAAA1F3E8CF7B63E4160 /* PBXContainerItemProxy */ = {
			isa = PBXContainerItemProxy;
			containerPortal = E03DBEA92E5CBF646017B99C /* Project object */;
			proxyType = 1;
			remoteGlobalIDString = BF0A1AA88D0737389FF2B0F8;
			remoteInfo = BismushKit_iOS;
		};
		E03BD09E5771C2BF8A506685 /* PBXContainerItemProxy */ = {
			isa = PBXContainerItemProxy;
			containerPortal = E03DBEA92E5CBF646017B99C /* Project object */;
			proxyType = 1;
			remoteGlobalIDString = 068FB895A5E0E850190E80B5;
			remoteInfo = Bismush;
		};
/* End PBXContainerItemProxy section */

/* Begin PBXCopyFilesBuildPhase section */
		2988949E8B1465FFCE1DF5B1 /* Embed Frameworks */ = {
			isa = PBXCopyFilesBuildPhase;
			buildActionMask = 2147483647;
			dstPath = "";
			dstSubfolderSpec = 10;
			files = (
				A17361B851C953A7A1773908 /* BismushKit.framework in Embed Frameworks */,
			);
			name = "Embed Frameworks";
			runOnlyForDeploymentPostprocessing = 0;
		};
		6B7825A0B4D580E415FE99CE /* Embed Frameworks */ = {
			isa = PBXCopyFilesBuildPhase;
			buildActionMask = 2147483647;
			dstPath = "";
			dstSubfolderSpec = 10;
			files = (
				1EB0E60983E744A84332A651 /* BismushKit.framework in Embed Frameworks */,
			);
			name = "Embed Frameworks";
			runOnlyForDeploymentPostprocessing = 0;
		};
		A19DBDC06B838DB67C74294D /* Embed Frameworks */ = {
			isa = PBXCopyFilesBuildPhase;
			buildActionMask = 2147483647;
			dstPath = "";
			dstSubfolderSpec = 10;
			files = (
				B65D69102C20B3D894CBD6D7 /* BismushKit.framework in Embed Frameworks */,
			);
			name = "Embed Frameworks";
			runOnlyForDeploymentPostprocessing = 0;
		};
		C102D4FD0AE30BEB9F506D30 /* Embed Frameworks */ = {
			isa = PBXCopyFilesBuildPhase;
			buildActionMask = 2147483647;
			dstPath = "";
			dstSubfolderSpec = 10;
			files = (
				E1CC06B0C701F60FBBEA2698 /* BismushKit.framework in Embed Frameworks */,
			);
			name = "Embed Frameworks";
			runOnlyForDeploymentPostprocessing = 0;
		};
/* End PBXCopyFilesBuildPhase section */

/* Begin PBXFileReference section */
		009FF0DCACF3D4E8AAD967F5 /* Transform2D.swift */ = {isa = PBXFileReference; lastKnownFileType = sourcecode.swift; path = Transform2D.swift; sourceTree = "<group>"; };
		0249529DF47613A66884C051 /* MobileBismush_UnitTests.xctest */ = {isa = PBXFileReference; includeInIndex = 0; lastKnownFileType = wrapper.cfbundle; path = MobileBismush_UnitTests.xctest; sourceTree = BUILT_PRODUCTS_DIR; };
		04A2D879615BD04815A504C3 /* .swiftformat */ = {isa = PBXFileReference; path = .swiftformat; sourceTree = "<group>"; };
		0544B021AE10B57FE66CCA90 /* StrokeRendererTests.swift */ = {isa = PBXFileReference; lastKnownFileType = sourcecode.swift; path = StrokeRendererTests.swift; sourceTree = "<group>"; };
		08357BEDDDAF54069A225502 /* Assets.xcassets */ = {isa = PBXFileReference; lastKnownFileType = folder.assetcatalog; path = Assets.xcassets; sourceTree = "<group>"; };
		08D92F2C618F53E6023F666D /* RingBuffer.swift */ = {isa = PBXFileReference; lastKnownFileType = sourcecode.swift; path = RingBuffer.swift; sourceTree = "<group>"; };
		0B3B3603D98AAC01ECAF202F /* BismushKit.framework */ = {isa = PBXFileReference; explicitFileType = wrapper.framework; includeInIndex = 0; path = BismushKit.framework; sourceTree = BUILT_PRODUCTS_DIR; };
		0BC445ED01FB66CE90322781 /* yosemite.png */ = {isa = PBXFileReference; lastKnownFileType = image.png; path = yosemite.png; sourceTree = "<group>"; };
		0F06C470880D8AD03A8196BC /* Info.plist */ = {isa = PBXFileReference; lastKnownFileType = text.plist; path = Info.plist; sourceTree = "<group>"; };
		1000DF4D942B68D3D9B4D4CB /* BismushKit_UnitTests.xctest */ = {isa = PBXFileReference; explicitFileType = wrapper.cfbundle; includeInIndex = 0; path = BismushKit_UnitTests.xctest; sourceTree = BUILT_PRODUCTS_DIR; };
		13F7E862DF7803EAF0AAB77F /* ArtboardLayerRenderer.swift */ = {isa = PBXFileReference; lastKnownFileType = sourcecode.swift; path = ArtboardLayerRenderer.swift; sourceTree = "<group>"; };
		154599ADF4642CA2B0265938 /* MobileBismush.entitlements */ = {isa = PBXFileReference; lastKnownFileType = text.plist.entitlements; path = MobileBismush.entitlements; sourceTree = "<group>"; };
		1CCEFFC44544D8F2F43801FA /* Brush.swift */ = {isa = PBXFileReference; lastKnownFileType = sourcecode.swift; path = Brush.swift; sourceTree = "<group>"; };
		25D2DD5B0C19D49E3D3F1820 /* Info.plist */ = {isa = PBXFileReference; lastKnownFileType = text.plist; path = Info.plist; sourceTree = "<group>"; };
		2B9597D885110F827DFA203C /* BismushLogger.swift */ = {isa = PBXFileReference; lastKnownFileType = sourcecode.swift; path = BismushLogger.swift; sourceTree = "<group>"; };
		2BD3543651FEC03AD919D0CD /* README.md */ = {isa = PBXFileReference; lastKnownFileType = net.daringfireball.markdown; path = README.md; sourceTree = "<group>"; };
		2DC04AF35AB934DBF8F6B735 /* MobileBismushLaunchTests.swift */ = {isa = PBXFileReference; lastKnownFileType = sourcecode.swift; path = MobileBismushLaunchTests.swift; sourceTree = "<group>"; };
		2F0B76326CDE771A3D234162 /* Info.plist */ = {isa = PBXFileReference; lastKnownFileType = text.plist; path = Info.plist; sourceTree = "<group>"; };
		345753DE643F32624B05DEBC /* BismushTests.swift */ = {isa = PBXFileReference; lastKnownFileType = sourcecode.swift; path = BismushTests.swift; sourceTree = "<group>"; };
		47EA770E3BB553D953CFCA7F /* BismushKit_UnitTests.xctest */ = {isa = PBXFileReference; includeInIndex = 0; lastKnownFileType = wrapper.cfbundle; path = BismushKit_UnitTests.xctest; sourceTree = BUILT_PRODUCTS_DIR; };
		47FCBA8FB30982F8EBF24F59 /* Info.plist */ = {isa = PBXFileReference; lastKnownFileType = text.plist; path = Info.plist; sourceTree = "<group>"; };
		493C33E0B6B5C66048BB55B9 /* Info.plist */ = {isa = PBXFileReference; lastKnownFileType = text.plist; path = Info.plist; sourceTree = "<group>"; };
		4C82CB804A699A028F6F92D8 /* PenInputEvent.swift */ = {isa = PBXFileReference; lastKnownFileType = sourcecode.swift; path = PenInputEvent.swift; sourceTree = "<group>"; };
		4CBEA98566B8EAFCEBC20142 /* Coordinate.swift */ = {isa = PBXFileReference; lastKnownFileType = sourcecode.swift; path = Coordinate.swift; sourceTree = "<group>"; };
		5043075D4D9C707D777F454A /* project.yml */ = {isa = PBXFileReference; lastKnownFileType = text.yaml; path = project.yml; sourceTree = "<group>"; };
		5470BE55386A1F5C20A7BB17 /* BismushKit.h */ = {isa = PBXFileReference; lastKnownFileType = sourcecode.c.h; path = BismushKit.h; sourceTree = "<group>"; };
		594C856705B5CE068F7111CD /* RendererTestCase.swift */ = {isa = PBXFileReference; lastKnownFileType = sourcecode.swift; path = RendererTestCase.swift; sourceTree = "<group>"; };
		5B6D6B1D3CCEE6145C08E5C4 /* DynamicBuffer.swift */ = {isa = PBXFileReference; lastKnownFileType = sourcecode.swift; path = DynamicBuffer.swift; sourceTree = "<group>"; };
		656EE995A785B5805A584B1F /* Bismush_UITests.xctest */ = {isa = PBXFileReference; explicitFileType = wrapper.cfbundle; includeInIndex = 0; path = Bismush_UITests.xctest; sourceTree = BUILT_PRODUCTS_DIR; };
		72B4AE67E9ECF375B8D4A449 /* ArtboardStore.swift */ = {isa = PBXFileReference; lastKnownFileType = sourcecode.swift; path = ArtboardStore.swift; sourceTree = "<group>"; };
		772C153474A9BE60AE3BA0EF /* MobileBismush.app */ = {isa = PBXFileReference; includeInIndex = 0; lastKnownFileType = wrapper.application; path = MobileBismush.app; sourceTree = BUILT_PRODUCTS_DIR; };
		7E1435DA6B63DCB0B9BCA070 /* BismushDiagnose.swift */ = {isa = PBXFileReference; lastKnownFileType = sourcecode.swift; path = BismushDiagnose.swift; sourceTree = "<group>"; };
		83EC32C5EAF6FA1F73892AB8 /* BismushApp.swift */ = {isa = PBXFileReference; lastKnownFileType = sourcecode.swift; path = BismushApp.swift; sourceTree = "<group>"; };
		8463FA512978EA8C17D50CFA /* Info.plist */ = {isa = PBXFileReference; lastKnownFileType = text.plist; path = Info.plist; sourceTree = "<group>"; };
		85B7080B33E26829F8390C43 /* CanvasLayer.swift */ = {isa = PBXFileReference; lastKnownFileType = sourcecode.swift; path = CanvasLayer.swift; sourceTree = "<group>"; };
		895CEB7DC2082D1D1C0EA910 /* BismushTests.swift */ = {isa = PBXFileReference; lastKnownFileType = sourcecode.swift; path = BismushTests.swift; sourceTree = "<group>"; };
		8A85D9E6BB86E74655180B96 /* ContentView.swift */ = {isa = PBXFileReference; lastKnownFileType = sourcecode.swift; path = ContentView.swift; sourceTree = "<group>"; };
		8C4D67FFCD3D2712759AB4C4 /* MobileBismushUITests.swift */ = {isa = PBXFileReference; lastKnownFileType = sourcecode.swift; path = MobileBismushUITests.swift; sourceTree = "<group>"; };
		8C56295FADAE420FDBE69F9F /* BismushUITests.swift */ = {isa = PBXFileReference; lastKnownFileType = sourcecode.swift; path = BismushUITests.swift; sourceTree = "<group>"; };
		907148F790EF2806D0F2DD3A /* lint.yml */ = {isa = PBXFileReference; lastKnownFileType = text.yaml; path = lint.yml; sourceTree = "<group>"; };
		90A5B199200C2A17B3F6B5B7 /* Canvas.swift */ = {isa = PBXFileReference; lastKnownFileType = sourcecode.swift; path = Canvas.swift; sourceTree = "<group>"; };
		9A9818456E8FA04DC978F08C /* Bismush_UnitTests.xctest */ = {isa = PBXFileReference; explicitFileType = wrapper.cfbundle; includeInIndex = 0; path = Bismush_UnitTests.xctest; sourceTree = BUILT_PRODUCTS_DIR; };
		A109047217586F0B494D5AD7 /* ResourceLoader.swift */ = {isa = PBXFileReference; lastKnownFileType = sourcecode.swift; path = ResourceLoader.swift; sourceTree = "<group>"; };
		A5F42E2B32AC2021ADFFD0D7 /* MobileBismushTests.swift */ = {isa = PBXFileReference; lastKnownFileType = sourcecode.swift; path = MobileBismushTests.swift; sourceTree = "<group>"; };
		AC87C9BFB1E74AA4AF5E2706 /* ArtboardView.swift */ = {isa = PBXFileReference; lastKnownFileType = sourcecode.swift; path = ArtboardView.swift; sourceTree = "<group>"; };
		ACA133AB5D70EDCE4007D891 /* RingBufferTests.swift */ = {isa = PBXFileReference; lastKnownFileType = sourcecode.swift; path = RingBufferTests.swift; sourceTree = "<group>"; };
		AE3C3F8F032FD0A4C8D95DD6 /* swiftlint.sh */ = {isa = PBXFileReference; lastKnownFileType = text.script.sh; path = swiftlint.sh; sourceTree = "<group>"; };
		B6956AEB22ADBC4B2C873A69 /* SIMD3+Bismush.swift */ = {isa = PBXFileReference; lastKnownFileType = sourcecode.swift; path = "SIMD3+Bismush.swift"; sourceTree = "<group>"; };
		B6CED7C2E12F25B66A7A285A /* Package.swift */ = {isa = PBXFileReference; lastKnownFileType = sourcecode.swift; path = Package.swift; sourceTree = "<group>"; };
		B7733AD3F4BF1B547498EAFE /* StrokeRenderer.swift */ = {isa = PBXFileReference; lastKnownFileType = sourcecode.swift; path = StrokeRenderer.swift; sourceTree = "<group>"; };
		BC91ED6F629A218295F2006B /* .clang-format */ = {isa = PBXFileReference; path = ".clang-format"; sourceTree = "<group>"; };
		BD6040FC8F76515F0202EA77 /* Renderer.metal */ = {isa = PBXFileReference; lastKnownFileType = sourcecode.metal; path = Renderer.metal; sourceTree = "<group>"; };
		BE4F0C0F7ACC3BE07F921576 /* swiftformat.sh */ = {isa = PBXFileReference; lastKnownFileType = text.script.sh; path = swiftformat.sh; sourceTree = "<group>"; };
		BE69AFD1140750CAE634DCA2 /* ContentView.swift */ = {isa = PBXFileReference; lastKnownFileType = sourcecode.swift; path = ContentView.swift; sourceTree = "<group>"; };
		C37BFF55CBE6F70C687AB4D3 /* MobileBismush_UITests.xctest */ = {isa = PBXFileReference; includeInIndex = 0; lastKnownFileType = wrapper.cfbundle; path = MobileBismush_UITests.xctest; sourceTree = BUILT_PRODUCTS_DIR; };
		CC193137D84BC71CC736C63B /* MobileArtboard.swift */ = {isa = PBXFileReference; lastKnownFileType = sourcecode.swift; path = MobileArtboard.swift; sourceTree = "<group>"; };
		CC2849E558523FD851860CAC /* Assets.xcassets */ = {isa = PBXFileReference; lastKnownFileType = folder.assetcatalog; path = Assets.xcassets; sourceTree = "<group>"; };
		CE7AA190D205E98D16E52A92 /* square.png */ = {isa = PBXFileReference; lastKnownFileType = image.png; path = square.png; sourceTree = "<group>"; };
		D29F8521E4AAB21AFA7B9E41 /* bezier.png */ = {isa = PBXFileReference; lastKnownFileType = image.png; path = bezier.png; sourceTree = "<group>"; };
		D2DE22AD3A9F366AED2DCC9D /* Bismush.entitlements */ = {isa = PBXFileReference; lastKnownFileType = text.plist.entitlements; path = Bismush.entitlements; sourceTree = "<group>"; };
		DA0B354E867867D78618A68A /* hello.png */ = {isa = PBXFileReference; lastKnownFileType = image.png; path = hello.png; sourceTree = "<group>"; };
		DFF7047D799C0F0C88098200 /* Info.plist */ = {isa = PBXFileReference; lastKnownFileType = text.plist; path = Info.plist; sourceTree = "<group>"; };
		E388F15A5A24A3BA133D02BE /* xcode.yml */ = {isa = PBXFileReference; lastKnownFileType = text.yaml; path = xcode.yml; sourceTree = "<group>"; };
		E7C9D6330721A5336B5015BC /* BismushKitTests.swift */ = {isa = PBXFileReference; lastKnownFileType = sourcecode.swift; path = BismushKitTests.swift; sourceTree = "<group>"; };
		E884BA268C0F596F85B0FF9B /* clang-format.sh */ = {isa = PBXFileReference; lastKnownFileType = text.script.sh; path = "clang-format.sh"; sourceTree = "<group>"; };
		E94F528238D9074F9D63CF55 /* ArtboardRenderer.swift */ = {isa = PBXFileReference; lastKnownFileType = sourcecode.swift; path = ArtboardRenderer.swift; sourceTree = "<group>"; };
		ED54DBECD333D3F9FE097255 /* GPUDevice.swift */ = {isa = PBXFileReference; lastKnownFileType = sourcecode.swift; path = GPUDevice.swift; sourceTree = "<group>"; };
		EE26D0F72B7C746D2CD7E4FC /* DesktopArtboard.swift */ = {isa = PBXFileReference; lastKnownFileType = sourcecode.swift; path = DesktopArtboard.swift; sourceTree = "<group>"; };
		F29D8E06BAE28C83C76E963D /* BismushKit.framework */ = {isa = PBXFileReference; explicitFileType = wrapper.framework; includeInIndex = 0; path = BismushKit.framework; sourceTree = BUILT_PRODUCTS_DIR; };
		F30FF823CCD859963E635371 /* ArtboardLayerStore.swift */ = {isa = PBXFileReference; lastKnownFileType = sourcecode.swift; path = ArtboardLayerStore.swift; sourceTree = "<group>"; };
		F3706BE7FA0CEB340600A675 /* BismusLaunchTests.swift */ = {isa = PBXFileReference; lastKnownFileType = sourcecode.swift; path = BismusLaunchTests.swift; sourceTree = "<group>"; };
		F815E58457BA6240A8C5C2F1 /* BismushApp.swift */ = {isa = PBXFileReference; lastKnownFileType = sourcecode.swift; path = BismushApp.swift; sourceTree = "<group>"; };
		FCEBCBC957B44E3156B5B5C1 /* Bismush.app */ = {isa = PBXFileReference; explicitFileType = wrapper.application; includeInIndex = 0; path = Bismush.app; sourceTree = BUILT_PRODUCTS_DIR; };
		FF44414254E4EF411AF6D870 /* .swiftlint.yml */ = {isa = PBXFileReference; lastKnownFileType = text.yaml; path = .swiftlint.yml; sourceTree = "<group>"; };
/* End PBXFileReference section */

/* Begin PBXFrameworksBuildPhase section */
		176D9208C81B01FB8054351B /* Frameworks */ = {
			isa = PBXFrameworksBuildPhase;
			buildActionMask = 2147483647;
			files = (
				C271432CA13D4E404971696E /* BismushKit.framework in Frameworks */,
			);
			runOnlyForDeploymentPostprocessing = 0;
		};
		2698E41008819B6DEDBF4F40 /* Frameworks */ = {
			isa = PBXFrameworksBuildPhase;
			buildActionMask = 2147483647;
			files = (
				51BAAEC97364C0E27291294F /* BismushKit.framework in Frameworks */,
			);
			runOnlyForDeploymentPostprocessing = 0;
		};
		BC7341B159D1A40A7DC23575 /* Frameworks */ = {
			isa = PBXFrameworksBuildPhase;
			buildActionMask = 2147483647;
			files = (
				9CFC677A1F946EBEB4EE1504 /* BismushKit.framework in Frameworks */,
			);
			runOnlyForDeploymentPostprocessing = 0;
		};
		D8EF3BC4132C91DEAA8085BB /* Frameworks */ = {
			isa = PBXFrameworksBuildPhase;
			buildActionMask = 2147483647;
			files = (
				867828BB02B9266C354EFBE8 /* BismushKit.framework in Frameworks */,
			);
			runOnlyForDeploymentPostprocessing = 0;
		};
/* End PBXFrameworksBuildPhase section */

/* Begin PBXGroup section */
		0C1368B2D077D61CBB7F18F9 /* Renderer */ = {
			isa = PBXGroup;
			children = (
				D29F8521E4AAB21AFA7B9E41 /* bezier.png */,
				594C856705B5CE068F7111CD /* RendererTestCase.swift */,
				0544B021AE10B57FE66CCA90 /* StrokeRendererTests.swift */,
			);
			path = Renderer;
			sourceTree = "<group>";
		};
		1197120C48BD94BA9C16220D /* Metal */ = {
			isa = PBXGroup;
			children = (
				5B6D6B1D3CCEE6145C08E5C4 /* DynamicBuffer.swift */,
				B6956AEB22ADBC4B2C873A69 /* SIMD3+Bismush.swift */,
			);
			path = Metal;
			sourceTree = "<group>";
		};
		1CA163A7FA4C1C2B29324D17 /* MobileBismush */ = {
			isa = PBXGroup;
			children = (
				83EC32C5EAF6FA1F73892AB8 /* BismushApp.swift */,
				8A85D9E6BB86E74655180B96 /* ContentView.swift */,
				CC193137D84BC71CC736C63B /* MobileArtboard.swift */,
				33AF02EA3F3699EE15BF443C /* Supports Files */,
			);
			path = MobileBismush;
			sourceTree = "<group>";
		};
		33AF02EA3F3699EE15BF443C /* Supports Files */ = {
			isa = PBXGroup;
			children = (
				CC2849E558523FD851860CAC /* Assets.xcassets */,
				8463FA512978EA8C17D50CFA /* Info.plist */,
				154599ADF4642CA2B0265938 /* MobileBismush.entitlements */,
			);
			path = "Supports Files";
			sourceTree = "<group>";
		};
		3B22BC18ECF424944C031D9F /* workflows */ = {
			isa = PBXGroup;
			children = (
				907148F790EF2806D0F2DD3A /* lint.yml */,
				E388F15A5A24A3BA133D02BE /* xcode.yml */,
			);
			path = workflows;
			sourceTree = "<group>";
		};
		42994D71CB8C051640C9D111 /* Store */ = {
			isa = PBXGroup;
			children = (
				F30FF823CCD859963E635371 /* ArtboardLayerStore.swift */,
				72B4AE67E9ECF375B8D4A449 /* ArtboardStore.swift */,
				ED54DBECD333D3F9FE097255 /* GPUDevice.swift */,
				A109047217586F0B494D5AD7 /* ResourceLoader.swift */,
			);
			path = Store;
			sourceTree = "<group>";
		};
		433F78C3C8236A38541F6A89 /* Tests */ = {
			isa = PBXGroup;
			children = (
				BEBCD7FDCA1BBB80E36A7AF7 /* UITests */,
				4B076CCC81B6F17A9DF12EBE /* UnitTests */,
			);
			path = Tests;
			sourceTree = "<group>";
		};
		4498CE4C35EC80110DA9A1BE /* BismushKit */ = {
			isa = PBXGroup;
			children = (
				839BDC1B4AFC9F8E5486FEDC /* Artboard */,
				5F2276C7D35B2D1CFAF79FD5 /* Debug supports */,
				1197120C48BD94BA9C16220D /* Metal */,
				59C1C00B457D588C7E248FEB /* Model */,
				D60DA16FF842F90EED0D97D4 /* Supports Files */,
			);
			path = BismushKit;
			sourceTree = "<group>";
		};
		4B076CCC81B6F17A9DF12EBE /* UnitTests */ = {
			isa = PBXGroup;
			children = (
				DFCD3E8C31CB4DAE1B452104 /* Bismush */,
				66C5B2D34133BA5A4367722B /* BismushKit */,
				E19698DA691378B17590A62C /* MobileBismush */,
			);
			path = UnitTests;
			sourceTree = "<group>";
		};
		53502F32D9FFD928F68714C1 /* Artboard */ = {
			isa = PBXGroup;
			children = (
				0C1368B2D077D61CBB7F18F9 /* Renderer */,
			);
			path = Artboard;
			sourceTree = "<group>";
		};
		57332019F84B805736955213 /* BuildTools */ = {
			isa = PBXGroup;
			children = (
				FF44414254E4EF411AF6D870 /* .swiftlint.yml */,
				B6CED7C2E12F25B66A7A285A /* Package.swift */,
			);
			path = BuildTools;
			sourceTree = "<group>";
		};
		59953B41AFA1ACEC5B8EFF12 /* Supports Files */ = {
			isa = PBXGroup;
			children = (
				08357BEDDDAF54069A225502 /* Assets.xcassets */,
				D2DE22AD3A9F366AED2DCC9D /* Bismush.entitlements */,
				0F06C470880D8AD03A8196BC /* Info.plist */,
			);
			path = "Supports Files";
			sourceTree = "<group>";
		};
		59C1C00B457D588C7E248FEB /* Model */ = {
			isa = PBXGroup;
			children = (
				90A5B199200C2A17B3F6B5B7 /* Canvas.swift */,
				85B7080B33E26829F8390C43 /* CanvasLayer.swift */,
				4CBEA98566B8EAFCEBC20142 /* Coordinate.swift */,
				4C82CB804A699A028F6F92D8 /* PenInputEvent.swift */,
				08D92F2C618F53E6023F666D /* RingBuffer.swift */,
				009FF0DCACF3D4E8AAD967F5 /* Transform2D.swift */,
			);
			path = Model;
			sourceTree = "<group>";
		};
		5CE4EA781C6CB2549097520A /* View */ = {
			isa = PBXGroup;
			children = (
				AC87C9BFB1E74AA4AF5E2706 /* ArtboardView.swift */,
			);
			path = View;
			sourceTree = "<group>";
		};
		5DB0F5D052EB36C9A2D61F8A /* Drawing */ = {
			isa = PBXGroup;
			children = (
				1CCEFFC44544D8F2F43801FA /* Brush.swift */,
			);
			path = Drawing;
			sourceTree = "<group>";
		};
		5F2276C7D35B2D1CFAF79FD5 /* Debug supports */ = {
			isa = PBXGroup;
			children = (
				7E1435DA6B63DCB0B9BCA070 /* BismushDiagnose.swift */,
				2B9597D885110F827DFA203C /* BismushLogger.swift */,
			);
			path = "Debug supports";
			sourceTree = "<group>";
		};
		66B147AD0753989F2C66074D /* .github */ = {
			isa = PBXGroup;
			children = (
				3B22BC18ECF424944C031D9F /* workflows */,
			);
			path = .github;
			sourceTree = "<group>";
		};
		66C5B2D34133BA5A4367722B /* BismushKit */ = {
			isa = PBXGroup;
			children = (
				E7C9D6330721A5336B5015BC /* BismushKitTests.swift */,
				47FCBA8FB30982F8EBF24F59 /* Info.plist */,
				53502F32D9FFD928F68714C1 /* Artboard */,
				8FEA7321ADA0438EFAFB6D74 /* Model */,
			);
			path = BismushKit;
			sourceTree = "<group>";
		};
		66CA7154E3B47CAE12CC7929 /* Products */ = {
			isa = PBXGroup;
			children = (
				656EE995A785B5805A584B1F /* Bismush_UITests.xctest */,
				9A9818456E8FA04DC978F08C /* Bismush_UnitTests.xctest */,
				FCEBCBC957B44E3156B5B5C1 /* Bismush.app */,
				47EA770E3BB553D953CFCA7F /* BismushKit_UnitTests.xctest */,
				1000DF4D942B68D3D9B4D4CB /* BismushKit_UnitTests.xctest */,
				F29D8E06BAE28C83C76E963D /* BismushKit.framework */,
				0B3B3603D98AAC01ECAF202F /* BismushKit.framework */,
				C37BFF55CBE6F70C687AB4D3 /* MobileBismush_UITests.xctest */,
				0249529DF47613A66884C051 /* MobileBismush_UnitTests.xctest */,
				772C153474A9BE60AE3BA0EF /* MobileBismush.app */,
			);
			name = Products;
			sourceTree = "<group>";
		};
		824D2B78DFCDA26AD82A73DF /* Renderer */ = {
			isa = PBXGroup;
			children = (
				13F7E862DF7803EAF0AAB77F /* ArtboardLayerRenderer.swift */,
				E94F528238D9074F9D63CF55 /* ArtboardRenderer.swift */,
				BD6040FC8F76515F0202EA77 /* Renderer.metal */,
				B7733AD3F4BF1B547498EAFE /* StrokeRenderer.swift */,
			);
			path = Renderer;
			sourceTree = "<group>";
		};
		839BDC1B4AFC9F8E5486FEDC /* Artboard */ = {
			isa = PBXGroup;
			children = (
				5DB0F5D052EB36C9A2D61F8A /* Drawing */,
				824D2B78DFCDA26AD82A73DF /* Renderer */,
				42994D71CB8C051640C9D111 /* Store */,
				5CE4EA781C6CB2549097520A /* View */,
			);
			path = Artboard;
			sourceTree = "<group>";
		};
		87DE4759B36B4F2B99136D82 /* Sources */ = {
			isa = PBXGroup;
			children = (
				C5C253892837226A84A9EC4B /* Bismush */,
				1CA163A7FA4C1C2B29324D17 /* MobileBismush */,
			);
			path = Sources;
			sourceTree = "<group>";
		};
		885BE439C27F7E74E64EDDFE /* Frameworks */ = {
			isa = PBXGroup;
			children = (
				4498CE4C35EC80110DA9A1BE /* BismushKit */,
			);
			path = Frameworks;
			sourceTree = "<group>";
		};
		8FEA7321ADA0438EFAFB6D74 /* Model */ = {
			isa = PBXGroup;
			children = (
				ACA133AB5D70EDCE4007D891 /* RingBufferTests.swift */,
			);
			path = Model;
			sourceTree = "<group>";
		};
		B5237206AF15965ED6589FC7 /* MobileBismush */ = {
			isa = PBXGroup;
			children = (
				25D2DD5B0C19D49E3D3F1820 /* Info.plist */,
				2DC04AF35AB934DBF8F6B735 /* MobileBismushLaunchTests.swift */,
				8C4D67FFCD3D2712759AB4C4 /* MobileBismushUITests.swift */,
			);
			path = MobileBismush;
			sourceTree = "<group>";
		};
		B94D9EE9E75A1398A6779F7D /* Bismush */ = {
			isa = PBXGroup;
			children = (
				8C56295FADAE420FDBE69F9F /* BismushUITests.swift */,
				F3706BE7FA0CEB340600A675 /* BismusLaunchTests.swift */,
				DFF7047D799C0F0C88098200 /* Info.plist */,
			);
			path = Bismush;
			sourceTree = "<group>";
		};
		BEBCD7FDCA1BBB80E36A7AF7 /* UITests */ = {
			isa = PBXGroup;
			children = (
				B94D9EE9E75A1398A6779F7D /* Bismush */,
				B5237206AF15965ED6589FC7 /* MobileBismush */,
			);
			path = UITests;
			sourceTree = "<group>";
		};
		C315DC1406D1EABEB45E6994 = {
			isa = PBXGroup;
			children = (
				BC91ED6F629A218295F2006B /* .clang-format */,
				04A2D879615BD04815A504C3 /* .swiftformat */,
				5043075D4D9C707D777F454A /* project.yml */,
				2BD3543651FEC03AD919D0CD /* README.md */,
				87DE4759B36B4F2B99136D82 /* Sources */,
				885BE439C27F7E74E64EDDFE /* Frameworks */,
				433F78C3C8236A38541F6A89 /* Tests */,
				FEEB2E0F5981AFF05229ACE1 /* Scripts */,
				66B147AD0753989F2C66074D /* .github */,
				57332019F84B805736955213 /* BuildTools */,
				66CA7154E3B47CAE12CC7929 /* Products */,
			);
			sourceTree = "<group>";
		};
		C5C253892837226A84A9EC4B /* Bismush */ = {
			isa = PBXGroup;
			children = (
				F815E58457BA6240A8C5C2F1 /* BismushApp.swift */,
				BE69AFD1140750CAE634DCA2 /* ContentView.swift */,
				EE26D0F72B7C746D2CD7E4FC /* DesktopArtboard.swift */,
				59953B41AFA1ACEC5B8EFF12 /* Supports Files */,
			);
			path = Bismush;
			sourceTree = "<group>";
		};
		D60DA16FF842F90EED0D97D4 /* Supports Files */ = {
			isa = PBXGroup;
			children = (
				5470BE55386A1F5C20A7BB17 /* BismushKit.h */,
				DA0B354E867867D78618A68A /* hello.png */,
				2F0B76326CDE771A3D234162 /* Info.plist */,
				CE7AA190D205E98D16E52A92 /* square.png */,
				0BC445ED01FB66CE90322781 /* yosemite.png */,
			);
			path = "Supports Files";
			sourceTree = "<group>";
		};
		DFCD3E8C31CB4DAE1B452104 /* Bismush */ = {
			isa = PBXGroup;
			children = (
				345753DE643F32624B05DEBC /* BismushTests.swift */,
				493C33E0B6B5C66048BB55B9 /* Info.plist */,
			);
			path = Bismush;
			sourceTree = "<group>";
		};
		E19698DA691378B17590A62C /* MobileBismush */ = {
			isa = PBXGroup;
			children = (
				A5F42E2B32AC2021ADFFD0D7 /* MobileBismushTests.swift */,
			);
			path = MobileBismush;
			sourceTree = "<group>";
		};
		FEEB2E0F5981AFF05229ACE1 /* Scripts */ = {
			isa = PBXGroup;
			children = (
				895CEB7DC2082D1D1C0EA910 /* BismushTests.swift */,
				E884BA268C0F596F85B0FF9B /* clang-format.sh */,
				BE4F0C0F7ACC3BE07F921576 /* swiftformat.sh */,
				AE3C3F8F032FD0A4C8D95DD6 /* swiftlint.sh */,
			);
			path = Scripts;
			sourceTree = "<group>";
		};
/* End PBXGroup section */

/* Begin PBXHeadersBuildPhase section */
		59050E54841037CC0B4B6685 /* Headers */ = {
			isa = PBXHeadersBuildPhase;
			buildActionMask = 2147483647;
			files = (
				5D26C052FE60AEA12540B041 /* BismushKit.h in Headers */,
			);
			runOnlyForDeploymentPostprocessing = 0;
		};
		D8F18916C5E160961192576A /* Headers */ = {
			isa = PBXHeadersBuildPhase;
			buildActionMask = 2147483647;
			files = (
				4E142ADD70203B6173358EAB /* BismushKit.h in Headers */,
			);
			runOnlyForDeploymentPostprocessing = 0;
		};
/* End PBXHeadersBuildPhase section */

/* Begin PBXNativeTarget section */
		02CF2224AA986125B67AD12B /* BismushKit_UnitTests_macOS */ = {
			isa = PBXNativeTarget;
			buildConfigurationList = 2D2C7CA078DB8ECCBEAEE61C /* Build configuration list for PBXNativeTarget "BismushKit_UnitTests_macOS" */;
			buildPhases = (
				98F226E7FDFC742C28E29BAF /* Sources */,
				17DFC619694A7795667C13D6 /* Resources */,
				2698E41008819B6DEDBF4F40 /* Frameworks */,
				C102D4FD0AE30BEB9F506D30 /* Embed Frameworks */,
			);
			buildRules = (
			);
			dependencies = (
				D565BD7F6A4100045FC53BFC /* PBXTargetDependency */,
			);
			name = BismushKit_UnitTests_macOS;
			productName = BismushKit_UnitTests_macOS;
			productReference = 1000DF4D942B68D3D9B4D4CB /* BismushKit_UnitTests.xctest */;
			productType = "com.apple.product-type.bundle.unit-test";
		};
		068FB895A5E0E850190E80B5 /* Bismush */ = {
			isa = PBXNativeTarget;
			buildConfigurationList = 286210535432A915E55F0177 /* Build configuration list for PBXNativeTarget "Bismush" */;
			buildPhases = (
				7B57EFF5CE41C2422A980ED2 /* Swift Format */,
				FFA5BEE0E83B09292E08B6BF /* Sources */,
				29D2BF1CD478555AF1203583 /* Swiftlint */,
				EB6C397529B5C97594EA6506 /* Resources */,
				D8EF3BC4132C91DEAA8085BB /* Frameworks */,
				6B7825A0B4D580E415FE99CE /* Embed Frameworks */,
			);
			buildRules = (
			);
			dependencies = (
				80A3E06537ED7F01019EBCA5 /* PBXTargetDependency */,
			);
			name = Bismush;
			productName = Bismush;
			productReference = FCEBCBC957B44E3156B5B5C1 /* Bismush.app */;
			productType = "com.apple.product-type.application";
		};
		4EFA348AF2224AB1DF373E2C /* Bismush_UnitTests */ = {
			isa = PBXNativeTarget;
			buildConfigurationList = BCEE6E4A5893C396566ED937 /* Build configuration list for PBXNativeTarget "Bismush_UnitTests" */;
			buildPhases = (
				0D1667B16120CCB9372D101F /* Sources */,
			);
			buildRules = (
			);
			dependencies = (
				7FC17DCB4BC6CDF5FB1994D1 /* PBXTargetDependency */,
			);
			name = Bismush_UnitTests;
			productName = Bismush_UnitTests;
			productReference = 9A9818456E8FA04DC978F08C /* Bismush_UnitTests.xctest */;
			productType = "com.apple.product-type.bundle.unit-test";
		};
		5E9652098AC1BB028D8C567C /* MobileBismush */ = {
			isa = PBXNativeTarget;
			buildConfigurationList = B651D845993C10F52685C870 /* Build configuration list for PBXNativeTarget "MobileBismush" */;
			buildPhases = (
				3F07E2D71F8A5385511B7E7D /* Swift Format */,
				7EC0595D8ED91DBA7D10F3C9 /* Sources */,
				344C0AAC615F36C556D41C2D /* Swiftlint */,
				AD3A84D06DE95BA0DDAAB149 /* Resources */,
				BC7341B159D1A40A7DC23575 /* Frameworks */,
				A19DBDC06B838DB67C74294D /* Embed Frameworks */,
			);
			buildRules = (
			);
			dependencies = (
				08095FAFAE738C7ED224A216 /* PBXTargetDependency */,
			);
			name = MobileBismush;
			productName = MobileBismush;
			productReference = 772C153474A9BE60AE3BA0EF /* MobileBismush.app */;
			productType = "com.apple.product-type.application";
		};
		BF0A1AA88D0737389FF2B0F8 /* BismushKit_iOS */ = {
			isa = PBXNativeTarget;
			buildConfigurationList = 5A6C8A0A28E1AB3F39D957F7 /* Build configuration list for PBXNativeTarget "BismushKit_iOS" */;
			buildPhases = (
				BEFAD481AF3D1ED97BC507C0 /* Swift Format */,
				71ED0674E48958F0D0885899 /* clang-format */,
				59050E54841037CC0B4B6685 /* Headers */,
				400B4DCDDCB2CA7B9932ABAA /* Sources */,
				D9B60CCFCB6348FA37899F41 /* Swiftlint */,
				F9DD31C3878B1AA8AABA2EE5 /* Resources */,
			);
			buildRules = (
			);
			dependencies = (
			);
			name = BismushKit_iOS;
			productName = BismushKit_iOS;
			productReference = F29D8E06BAE28C83C76E963D /* BismushKit.framework */;
			productType = "com.apple.product-type.framework";
		};
		D3083B656B9664F370F14505 /* BismushKit_UnitTests_iOS */ = {
			isa = PBXNativeTarget;
			buildConfigurationList = F954FE6637A81D6FB78CBFAD /* Build configuration list for PBXNativeTarget "BismushKit_UnitTests_iOS" */;
			buildPhases = (
				C5BF05C76D3BF3765D1D7875 /* Sources */,
				E377F80BF882459EAD3C97B9 /* Resources */,
				176D9208C81B01FB8054351B /* Frameworks */,
				2988949E8B1465FFCE1DF5B1 /* Embed Frameworks */,
			);
			buildRules = (
			);
			dependencies = (
				A8BB454E1ED550E3059E0D3B /* PBXTargetDependency */,
			);
			name = BismushKit_UnitTests_iOS;
			productName = BismushKit_UnitTests_iOS;
			productReference = 47EA770E3BB553D953CFCA7F /* BismushKit_UnitTests.xctest */;
			productType = "com.apple.product-type.bundle.unit-test";
		};
		EA07B4FFAF2C8C78146CCEB3 /* Bismush_UITests */ = {
			isa = PBXNativeTarget;
			buildConfigurationList = FDF53BC90982F1AE6918360A /* Build configuration list for PBXNativeTarget "Bismush_UITests" */;
			buildPhases = (
				D38BD50DDBC8CED95C8B1897 /* Sources */,
			);
			buildRules = (
			);
			dependencies = (
				D32A5A2B85FC75FAC6260530 /* PBXTargetDependency */,
			);
			name = Bismush_UITests;
			productName = Bismush_UITests;
			productReference = 656EE995A785B5805A584B1F /* Bismush_UITests.xctest */;
			productType = "com.apple.product-type.bundle.ui-testing";
		};
		EB9FB15088B74104B736823E /* BismushKit_macOS */ = {
			isa = PBXNativeTarget;
			buildConfigurationList = 3C31ED5DDEC6ACEA0DB7E214 /* Build configuration list for PBXNativeTarget "BismushKit_macOS" */;
			buildPhases = (
				8B55C3B00708AA778F52C83F /* Swift Format */,
				2327EBB81606BAAE46F0350C /* clang-format */,
				D8F18916C5E160961192576A /* Headers */,
				170229A488A5FCEBC5EB287C /* Sources */,
				E09FA537FD0B4FE59A976646 /* Swiftlint */,
				C782F53656EABA8669728C44 /* Resources */,
			);
			buildRules = (
			);
			dependencies = (
			);
			name = BismushKit_macOS;
			productName = BismushKit_macOS;
			productReference = 0B3B3603D98AAC01ECAF202F /* BismushKit.framework */;
			productType = "com.apple.product-type.framework";
		};
		F8970B74C1AA4C7A6E879659 /* MobileBismush_UITests */ = {
			isa = PBXNativeTarget;
			buildConfigurationList = A17E5B806E91424AB3B654B2 /* Build configuration list for PBXNativeTarget "MobileBismush_UITests" */;
			buildPhases = (
				C12689FD29D1EB8828F78FCB /* Sources */,
			);
			buildRules = (
			);
			dependencies = (
				B5725C1EBA0A844196747781 /* PBXTargetDependency */,
			);
			name = MobileBismush_UITests;
			productName = MobileBismush_UITests;
			productReference = C37BFF55CBE6F70C687AB4D3 /* MobileBismush_UITests.xctest */;
			productType = "com.apple.product-type.bundle.ui-testing";
		};
		FDCD93CDAF8948C8293983F1 /* MobileBismush_UnitTests */ = {
			isa = PBXNativeTarget;
			buildConfigurationList = 5D32955C1B99217A68728DF5 /* Build configuration list for PBXNativeTarget "MobileBismush_UnitTests" */;
			buildPhases = (
				7A3A1B29FD00EFACABE50839 /* Sources */,
			);
			buildRules = (
			);
			dependencies = (
				499BE61816B397EE0A526F64 /* PBXTargetDependency */,
			);
			name = MobileBismush_UnitTests;
			productName = MobileBismush_UnitTests;
			productReference = 0249529DF47613A66884C051 /* MobileBismush_UnitTests.xctest */;
			productType = "com.apple.product-type.bundle.unit-test";
		};
/* End PBXNativeTarget section */

/* Begin PBXProject section */
		E03DBEA92E5CBF646017B99C /* Project object */ = {
			isa = PBXProject;
			attributes = {
				LastUpgradeCheck = 1200;
				TargetAttributes = {
					EA07B4FFAF2C8C78146CCEB3 = {
						TestTargetID = 068FB895A5E0E850190E80B5;
					};
					F8970B74C1AA4C7A6E879659 = {
						TestTargetID = 5E9652098AC1BB028D8C567C;
					};
				};
			};
			buildConfigurationList = 1411B5A57CA3255FDAD21181 /* Build configuration list for PBXProject "Bismush" */;
			compatibilityVersion = "Xcode 10.0";
			developmentRegion = en;
			hasScannedForEncodings = 0;
			knownRegions = (
				Base,
				en,
			);
			mainGroup = C315DC1406D1EABEB45E6994;
			projectDirPath = "";
			projectRoot = "";
			targets = (
				068FB895A5E0E850190E80B5 /* Bismush */,
				D3083B656B9664F370F14505 /* BismushKit_UnitTests_iOS */,
				02CF2224AA986125B67AD12B /* BismushKit_UnitTests_macOS */,
				BF0A1AA88D0737389FF2B0F8 /* BismushKit_iOS */,
				EB9FB15088B74104B736823E /* BismushKit_macOS */,
				EA07B4FFAF2C8C78146CCEB3 /* Bismush_UITests */,
				4EFA348AF2224AB1DF373E2C /* Bismush_UnitTests */,
				5E9652098AC1BB028D8C567C /* MobileBismush */,
				F8970B74C1AA4C7A6E879659 /* MobileBismush_UITests */,
				FDCD93CDAF8948C8293983F1 /* MobileBismush_UnitTests */,
			);
		};
/* End PBXProject section */

/* Begin PBXResourcesBuildPhase section */
		17DFC619694A7795667C13D6 /* Resources */ = {
			isa = PBXResourcesBuildPhase;
			buildActionMask = 2147483647;
			files = (
				F971BE47717B6C09AC25D6C9 /* bezier.png in Resources */,
			);
			runOnlyForDeploymentPostprocessing = 0;
		};
		AD3A84D06DE95BA0DDAAB149 /* Resources */ = {
			isa = PBXResourcesBuildPhase;
			buildActionMask = 2147483647;
			files = (
				62D24802840395EC8099DDBE /* Assets.xcassets in Resources */,
			);
			runOnlyForDeploymentPostprocessing = 0;
		};
		C782F53656EABA8669728C44 /* Resources */ = {
			isa = PBXResourcesBuildPhase;
			buildActionMask = 2147483647;
			files = (
				BF11E826225D17DA78361F07 /* hello.png in Resources */,
				F5D3C95D390168826E879CA0 /* square.png in Resources */,
				F53CF1ADE395D4C8470F8A52 /* yosemite.png in Resources */,
			);
			runOnlyForDeploymentPostprocessing = 0;
		};
		E377F80BF882459EAD3C97B9 /* Resources */ = {
			isa = PBXResourcesBuildPhase;
			buildActionMask = 2147483647;
			files = (
				76AB5EAA8D7F4DAFC844A083 /* bezier.png in Resources */,
			);
			runOnlyForDeploymentPostprocessing = 0;
		};
		EB6C397529B5C97594EA6506 /* Resources */ = {
			isa = PBXResourcesBuildPhase;
			buildActionMask = 2147483647;
			files = (
				BDE8AAA1CB249490561B3040 /* Assets.xcassets in Resources */,
				5A104CC9A9FBF24A42A55715 /* Info.plist in Resources */,
			);
			runOnlyForDeploymentPostprocessing = 0;
		};
		F9DD31C3878B1AA8AABA2EE5 /* Resources */ = {
			isa = PBXResourcesBuildPhase;
			buildActionMask = 2147483647;
			files = (
				5505B30659B8196BA9AC5BE6 /* hello.png in Resources */,
				613C621FC214BE57AC4967A7 /* square.png in Resources */,
				AC775C6D3F9C572AC12A713E /* yosemite.png in Resources */,
			);
			runOnlyForDeploymentPostprocessing = 0;
		};
/* End PBXResourcesBuildPhase section */

/* Begin PBXShellScriptBuildPhase section */
		2327EBB81606BAAE46F0350C /* clang-format */ = {
			isa = PBXShellScriptBuildPhase;
			buildActionMask = 2147483647;
			files = (
			);
			inputFileListPaths = (
			);
			inputPaths = (
			);
			name = "clang-format";
			outputFileListPaths = (
			);
			outputPaths = (
			);
			runOnlyForDeploymentPostprocessing = 0;
			shellPath = /bin/sh;
			shellScript = "#!/bin/sh\necho nhnoeth\nif [[ $BISMUSH_SKIP_TEST == 1 ]]; then\n    echo \"Skip swiftformat because BISMUSH_SKIP_TEST is set\"\n    exit 0\nfi\n\nif which clang-format > /dev/null; then\n  cd \"$SRCROOT\"\n  find . -name \"*.metal\" -exec clang-format -i \\{\\} \\;\nfi\n";
		};
		29D2BF1CD478555AF1203583 /* Swiftlint */ = {
			isa = PBXShellScriptBuildPhase;
			buildActionMask = 2147483647;
			files = (
			);
			inputFileListPaths = (
			);
			inputPaths = (
			);
			name = Swiftlint;
			outputFileListPaths = (
			);
			outputPaths = (
			);
			runOnlyForDeploymentPostprocessing = 0;
			shellPath = /bin/sh;
			shellScript = Scripts/swiftlint.sh;
		};
		344C0AAC615F36C556D41C2D /* Swiftlint */ = {
			isa = PBXShellScriptBuildPhase;
			buildActionMask = 2147483647;
			files = (
			);
			inputFileListPaths = (
			);
			inputPaths = (
			);
			name = Swiftlint;
			outputFileListPaths = (
			);
			outputPaths = (
			);
			runOnlyForDeploymentPostprocessing = 0;
			shellPath = /bin/sh;
			shellScript = Scripts/swiftlint.sh;
		};
		3F07E2D71F8A5385511B7E7D /* Swift Format */ = {
			isa = PBXShellScriptBuildPhase;
			buildActionMask = 2147483647;
			files = (
			);
			inputFileListPaths = (
			);
			inputPaths = (
			);
			name = "Swift Format";
			outputFileListPaths = (
			);
			outputPaths = (
			);
			runOnlyForDeploymentPostprocessing = 0;
			shellPath = /bin/sh;
			shellScript = "#!/bin/sh\n\nif [[ $BISMUSH_SKIP_TEST == 1 ]]; then\n    echo \"Skip swiftformat because BISMUSH_SKIP_TEST is set\"\nelse\n    cd BuildTools\n    SDKROOT=(xcrun --sdk macosx --show-sdk-path)\n    swift run -c release swiftformat \"$SRCROOT\"\nfi\n";
		};
		71ED0674E48958F0D0885899 /* clang-format */ = {
			isa = PBXShellScriptBuildPhase;
			buildActionMask = 2147483647;
			files = (
			);
			inputFileListPaths = (
			);
			inputPaths = (
			);
			name = "clang-format";
			outputFileListPaths = (
			);
			outputPaths = (
			);
			runOnlyForDeploymentPostprocessing = 0;
			shellPath = /bin/sh;
			shellScript = "#!/bin/sh\necho nhnoeth\nif [[ $BISMUSH_SKIP_TEST == 1 ]]; then\n    echo \"Skip swiftformat because BISMUSH_SKIP_TEST is set\"\n    exit 0\nfi\n\nif which clang-format > /dev/null; then\n  cd \"$SRCROOT\"\n  find . -name \"*.metal\" -exec clang-format -i \\{\\} \\;\nfi\n";
		};
		7B57EFF5CE41C2422A980ED2 /* Swift Format */ = {
			isa = PBXShellScriptBuildPhase;
			buildActionMask = 2147483647;
			files = (
			);
			inputFileListPaths = (
			);
			inputPaths = (
			);
			name = "Swift Format";
			outputFileListPaths = (
			);
			outputPaths = (
			);
			runOnlyForDeploymentPostprocessing = 0;
			shellPath = /bin/sh;
			shellScript = "#!/bin/sh\n\nif [[ $BISMUSH_SKIP_TEST == 1 ]]; then\n    echo \"Skip swiftformat because BISMUSH_SKIP_TEST is set\"\nelse\n    cd BuildTools\n    SDKROOT=(xcrun --sdk macosx --show-sdk-path)\n    swift run -c release swiftformat \"$SRCROOT\"\nfi\n";
		};
		8B55C3B00708AA778F52C83F /* Swift Format */ = {
			isa = PBXShellScriptBuildPhase;
			buildActionMask = 2147483647;
			files = (
			);
			inputFileListPaths = (
			);
			inputPaths = (
			);
			name = "Swift Format";
			outputFileListPaths = (
			);
			outputPaths = (
			);
			runOnlyForDeploymentPostprocessing = 0;
			shellPath = /bin/sh;
			shellScript = "#!/bin/sh\n\nif [[ $BISMUSH_SKIP_TEST == 1 ]]; then\n    echo \"Skip swiftformat because BISMUSH_SKIP_TEST is set\"\nelse\n    cd BuildTools\n    SDKROOT=(xcrun --sdk macosx --show-sdk-path)\n    swift run -c release swiftformat \"$SRCROOT\"\nfi\n";
		};
		BEFAD481AF3D1ED97BC507C0 /* Swift Format */ = {
			isa = PBXShellScriptBuildPhase;
			buildActionMask = 2147483647;
			files = (
			);
			inputFileListPaths = (
			);
			inputPaths = (
			);
			name = "Swift Format";
			outputFileListPaths = (
			);
			outputPaths = (
			);
			runOnlyForDeploymentPostprocessing = 0;
			shellPath = /bin/sh;
			shellScript = "#!/bin/sh\n\nif [[ $BISMUSH_SKIP_TEST == 1 ]]; then\n    echo \"Skip swiftformat because BISMUSH_SKIP_TEST is set\"\nelse\n    cd BuildTools\n    SDKROOT=(xcrun --sdk macosx --show-sdk-path)\n    swift run -c release swiftformat \"$SRCROOT\"\nfi\n";
		};
		D9B60CCFCB6348FA37899F41 /* Swiftlint */ = {
			isa = PBXShellScriptBuildPhase;
			buildActionMask = 2147483647;
			files = (
			);
			inputFileListPaths = (
			);
			inputPaths = (
			);
			name = Swiftlint;
			outputFileListPaths = (
			);
			outputPaths = (
			);
			runOnlyForDeploymentPostprocessing = 0;
			shellPath = /bin/sh;
			shellScript = Scripts/swiftlint.sh;
		};
		E09FA537FD0B4FE59A976646 /* Swiftlint */ = {
			isa = PBXShellScriptBuildPhase;
			buildActionMask = 2147483647;
			files = (
			);
			inputFileListPaths = (
			);
			inputPaths = (
			);
			name = Swiftlint;
			outputFileListPaths = (
			);
			outputPaths = (
			);
			runOnlyForDeploymentPostprocessing = 0;
			shellPath = /bin/sh;
			shellScript = Scripts/swiftlint.sh;
		};
/* End PBXShellScriptBuildPhase section */

/* Begin PBXSourcesBuildPhase section */
		0D1667B16120CCB9372D101F /* Sources */ = {
			isa = PBXSourcesBuildPhase;
			buildActionMask = 2147483647;
			files = (
				8148E0EC58F27C6E8A7D77A8 /* BismushTests.swift in Sources */,
			);
			runOnlyForDeploymentPostprocessing = 0;
		};
		170229A488A5FCEBC5EB287C /* Sources */ = {
			isa = PBXSourcesBuildPhase;
			buildActionMask = 2147483647;
			files = (
				3868C0BEBC2809EABD82B8B9 /* ArtboardLayerRenderer.swift in Sources */,
				AA6E4992DBAC2C235E3A20F3 /* ArtboardLayerStore.swift in Sources */,
				657E222348CDB383227DDD93 /* ArtboardRenderer.swift in Sources */,
				8BE38A46859A67C339A49486 /* ArtboardStore.swift in Sources */,
				0FDC3A566E21DAC14478FC79 /* ArtboardView.swift in Sources */,
				BDEBF56372173CEE962D04E7 /* BismushDiagnose.swift in Sources */,
				9BF57B799AF517CB8A75B346 /* BismushLogger.swift in Sources */,
				B8258E1947009950893ABAFE /* Brush.swift in Sources */,
				417EB12CB654B7075B86AE44 /* Canvas.swift in Sources */,
				AF11059B447289540751FA27 /* CanvasLayer.swift in Sources */,
				592207903509C5C23EB7EB63 /* Coordinate.swift in Sources */,
				4A5AE22E128A8A1138962F80 /* DynamicBuffer.swift in Sources */,
				73E2F203A3C252A5E27D840B /* GPUDevice.swift in Sources */,
				9BEA67E82A787707FD951EBD /* PenInputEvent.swift in Sources */,
				68A1BFE9628D2A2CC3D52B13 /* Renderer.metal in Sources */,
				CF82FA28797371F6B49E2607 /* ResourceLoader.swift in Sources */,
				1C511CC31675CC3C74557DA1 /* RingBuffer.swift in Sources */,
				C5C5F955D69B6DFE1FF942E0 /* SIMD3+Bismush.swift in Sources */,
				2D8976162D1858820B69A971 /* StrokeRenderer.swift in Sources */,
				17FBE179B1AEF2AEA168BC10 /* Transform2D.swift in Sources */,
			);
			runOnlyForDeploymentPostprocessing = 0;
		};
		400B4DCDDCB2CA7B9932ABAA /* Sources */ = {
			isa = PBXSourcesBuildPhase;
			buildActionMask = 2147483647;
			files = (
				1639CBAE57EDEC01D247521D /* ArtboardLayerRenderer.swift in Sources */,
				7912F2C63A229662175A1F6D /* ArtboardLayerStore.swift in Sources */,
				D2D92E317B57AB8AA2966B3C /* ArtboardRenderer.swift in Sources */,
				CC54BE2C0EDA26330B8DA4EE /* ArtboardStore.swift in Sources */,
				EC88D0F2FE25BFB604F58294 /* ArtboardView.swift in Sources */,
				5CF41378C1967FB722A52BAE /* BismushDiagnose.swift in Sources */,
				61B41BB86E95C0403EE22500 /* BismushLogger.swift in Sources */,
				3CE66C05771A8CC1920BDEE3 /* Brush.swift in Sources */,
				B6E5C46845063F7BC702EC0D /* Canvas.swift in Sources */,
				5A12504DBB00A7667B8F245C /* CanvasLayer.swift in Sources */,
				3A83D6BAB37535D12421CE0A /* Coordinate.swift in Sources */,
				F44D12AF3AC3B9B3E92CD94B /* DynamicBuffer.swift in Sources */,
				AC859BCBBCB1EC5599AFA29B /* GPUDevice.swift in Sources */,
				3187A206968BEEBAF7E53578 /* PenInputEvent.swift in Sources */,
				83D784C678C77DE29AC8B186 /* Renderer.metal in Sources */,
				AC5D0BF1496FDBC34FE6CBE6 /* ResourceLoader.swift in Sources */,
				9DDC18CD54FDE40A581BDF1B /* RingBuffer.swift in Sources */,
				5D9CE2201F9BF51825684C25 /* SIMD3+Bismush.swift in Sources */,
				38C4C5AB4CD231CF6E7DCFB0 /* StrokeRenderer.swift in Sources */,
				735F511377E2343382BED60B /* Transform2D.swift in Sources */,
			);
			runOnlyForDeploymentPostprocessing = 0;
		};
		7A3A1B29FD00EFACABE50839 /* Sources */ = {
			isa = PBXSourcesBuildPhase;
			buildActionMask = 2147483647;
			files = (
				BA163133E9C229D4BB93F9AB /* MobileBismushTests.swift in Sources */,
			);
			runOnlyForDeploymentPostprocessing = 0;
		};
		7EC0595D8ED91DBA7D10F3C9 /* Sources */ = {
			isa = PBXSourcesBuildPhase;
			buildActionMask = 2147483647;
			files = (
				5D8374741A6AB57EBCF4B54C /* BismushApp.swift in Sources */,
				54A743C8A759E26C699E8805 /* ContentView.swift in Sources */,
				E91A87BA8730A198E32A4706 /* MobileArtboard.swift in Sources */,
			);
			runOnlyForDeploymentPostprocessing = 0;
		};
		98F226E7FDFC742C28E29BAF /* Sources */ = {
			isa = PBXSourcesBuildPhase;
			buildActionMask = 2147483647;
			files = (
				A487C7929B6B600CEB93C9A4 /* BismushKitTests.swift in Sources */,
				886869D23531D753C7502D1D /* RendererTestCase.swift in Sources */,
				12D8938E22C43C8F2F531156 /* RingBufferTests.swift in Sources */,
				39DB00F0C0103A06B9024FD5 /* StrokeRendererTests.swift in Sources */,
			);
			runOnlyForDeploymentPostprocessing = 0;
		};
		C12689FD29D1EB8828F78FCB /* Sources */ = {
			isa = PBXSourcesBuildPhase;
			buildActionMask = 2147483647;
			files = (
				C345D415C69012255092785D /* MobileBismushLaunchTests.swift in Sources */,
				30DE7501F46B0B070B4429D4 /* MobileBismushUITests.swift in Sources */,
			);
			runOnlyForDeploymentPostprocessing = 0;
		};
		C5BF05C76D3BF3765D1D7875 /* Sources */ = {
			isa = PBXSourcesBuildPhase;
			buildActionMask = 2147483647;
			files = (
				CAE902A24BC01124A64A0484 /* BismushKitTests.swift in Sources */,
				39BC1815F2C291B828F54AEA /* RendererTestCase.swift in Sources */,
				E6E567AD363D90390CD5A1C9 /* RingBufferTests.swift in Sources */,
				962A3931819F4DD8EBA3F7E6 /* StrokeRendererTests.swift in Sources */,
			);
			runOnlyForDeploymentPostprocessing = 0;
		};
		D38BD50DDBC8CED95C8B1897 /* Sources */ = {
			isa = PBXSourcesBuildPhase;
			buildActionMask = 2147483647;
			files = (
				72A616B6569E6FF962BAF8BA /* BismusLaunchTests.swift in Sources */,
				073636F4BC1DF0B92D740267 /* BismushUITests.swift in Sources */,
			);
			runOnlyForDeploymentPostprocessing = 0;
		};
		FFA5BEE0E83B09292E08B6BF /* Sources */ = {
			isa = PBXSourcesBuildPhase;
			buildActionMask = 2147483647;
			files = (
				9E94DAB00EA1BDE54E39AC2C /* BismushApp.swift in Sources */,
				C060A0F0A6AD1228EB0D2ACE /* ContentView.swift in Sources */,
				D2ECB1F06F463B776CE07871 /* DesktopArtboard.swift in Sources */,
			);
			runOnlyForDeploymentPostprocessing = 0;
		};
/* End PBXSourcesBuildPhase section */

/* Begin PBXTargetDependency section */
		08095FAFAE738C7ED224A216 /* PBXTargetDependency */ = {
			isa = PBXTargetDependency;
			target = BF0A1AA88D0737389FF2B0F8 /* BismushKit_iOS */;
			targetProxy = A427F58D537B1740994FBF60 /* PBXContainerItemProxy */;
		};
		499BE61816B397EE0A526F64 /* PBXTargetDependency */ = {
			isa = PBXTargetDependency;
			target = 5E9652098AC1BB028D8C567C /* MobileBismush */;
			targetProxy = 5ACEF9CCF82BB7702B53E2BF /* PBXContainerItemProxy */;
		};
		7FC17DCB4BC6CDF5FB1994D1 /* PBXTargetDependency */ = {
			isa = PBXTargetDependency;
			target = 068FB895A5E0E850190E80B5 /* Bismush */;
			targetProxy = E03BD09E5771C2BF8A506685 /* PBXContainerItemProxy */;
		};
		80A3E06537ED7F01019EBCA5 /* PBXTargetDependency */ = {
			isa = PBXTargetDependency;
			target = EB9FB15088B74104B736823E /* BismushKit_macOS */;
			targetProxy = 287A016D7475B0BCD10C517A /* PBXContainerItemProxy */;
		};
		A8BB454E1ED550E3059E0D3B /* PBXTargetDependency */ = {
			isa = PBXTargetDependency;
			target = BF0A1AA88D0737389FF2B0F8 /* BismushKit_iOS */;
			targetProxy = C973EAAA1F3E8CF7B63E4160 /* PBXContainerItemProxy */;
		};
		B5725C1EBA0A844196747781 /* PBXTargetDependency */ = {
			isa = PBXTargetDependency;
			target = 5E9652098AC1BB028D8C567C /* MobileBismush */;
			targetProxy = 00292071EFEF6472D82796D8 /* PBXContainerItemProxy */;
		};
		D32A5A2B85FC75FAC6260530 /* PBXTargetDependency */ = {
			isa = PBXTargetDependency;
			target = 068FB895A5E0E850190E80B5 /* Bismush */;
			targetProxy = B34CD2C0F94316D95D9756BB /* PBXContainerItemProxy */;
		};
		D565BD7F6A4100045FC53BFC /* PBXTargetDependency */ = {
			isa = PBXTargetDependency;
			target = EB9FB15088B74104B736823E /* BismushKit_macOS */;
			targetProxy = 78EEB265E3AEEC36BA0DF775 /* PBXContainerItemProxy */;
		};
/* End PBXTargetDependency section */

/* Begin XCBuildConfiguration section */
		01B4C340BD78B35CF1F2C6D5 /* Release */ = {
			isa = XCBuildConfiguration;
			buildSettings = {
				ASSETCATALOG_COMPILER_APPICON_NAME = AppIcon;
				CODE_SIGN_ENTITLEMENTS = "Sources/Bismush/Supports Files/Bismush.entitlements";
				COMBINE_HIDPI_IMAGES = YES;
				INFOPLIST_FILE = "Sources/Supports Files/Bismush/Info.plist";
				LD_RUNPATH_SEARCH_PATHS = (
					"$(inherited)",
					"@executable_path/../Frameworks",
				);
				PRODUCT_BUNDLE_IDENTIFIER = jp.mzp.bismus.Bismush;
				SDKROOT = macosx;
			};
			name = Release;
		};
		0423BD3EE024495ADBA48B8D /* Debug */ = {
			isa = XCBuildConfiguration;
			buildSettings = {
				BUNDLE_LOADER = "$(TEST_HOST)";
				LD_RUNPATH_SEARCH_PATHS = (
					"$(inherited)",
					"@executable_path/Frameworks",
					"@loader_path/Frameworks",
				);
				PRODUCT_BUNDLE_IDENTIFIER = "jp.mzp.bismus.MobileBismush-UnitTests";
				SDKROOT = iphoneos;
				TARGETED_DEVICE_FAMILY = "1,2";
				TEST_HOST = "$(BUILT_PRODUCTS_DIR)/MobileBismush.app/MobileBismush";
			};
			name = Debug;
		};
		0909F9314EA783AD4386E0B2 /* CI */ = {
			isa = XCBuildConfiguration;
			buildSettings = {
				BUNDLE_LOADER = "$(TEST_HOST)";
				INFOPLIST_FILE = Tests/UITests/MobileBismush/Info.plist;
				LD_RUNPATH_SEARCH_PATHS = (
					"$(inherited)",
					"@executable_path/Frameworks",
					"@loader_path/Frameworks",
				);
				PRODUCT_BUNDLE_IDENTIFIER = "jp.mzp.bismus.MobileBismush-UITests";
				SDKROOT = iphoneos;
				TARGETED_DEVICE_FAMILY = "1,2";
				TEST_TARGET_NAME = MobileBismush;
			};
			name = CI;
		};
		09F0184F3B7B0EDCD7B59230 /* Release */ = {
			isa = XCBuildConfiguration;
			buildSettings = {
				CODE_SIGN_IDENTITY = "";
				COMBINE_HIDPI_IMAGES = YES;
				CURRENT_PROJECT_VERSION = 1;
				DEFINES_MODULE = YES;
				DYLIB_COMPATIBILITY_VERSION = 1;
				DYLIB_CURRENT_VERSION = 1;
				DYLIB_INSTALL_NAME_BASE = "@rpath";
				INFOPLIST_FILE = "Frameworks/BismushKit/Supports Files/Info.plist";
				INSTALL_PATH = "$(LOCAL_LIBRARY_DIR)/Frameworks";
				LD_RUNPATH_SEARCH_PATHS = (
					"$(inherited)",
					"@executable_path/../Frameworks",
				);
				MTL_LANGUAGE_REVISION = Metal24;
				PRODUCT_BUNDLE_IDENTIFIER = "jp.mzp.bismus.BismushKit-macOS";
				PRODUCT_NAME = BismushKit;
				SDKROOT = macosx;
				SKIP_INSTALL = YES;
				VERSIONING_SYSTEM = "apple-generic";
			};
			name = Release;
		};
		0C693C252D4C1327067A718A /* Debug */ = {
			isa = XCBuildConfiguration;
			buildSettings = {
				ASSETCATALOG_COMPILER_APPICON_NAME = AppIcon;
				CODE_SIGN_ENTITLEMENTS = "Sources/Bismush/Supports Files/Bismush.entitlements";
				COMBINE_HIDPI_IMAGES = YES;
				INFOPLIST_FILE = "Sources/Supports Files/Bismush/Info.plist";
				LD_RUNPATH_SEARCH_PATHS = (
					"$(inherited)",
					"@executable_path/../Frameworks",
				);
				PRODUCT_BUNDLE_IDENTIFIER = jp.mzp.bismus.Bismush;
				SDKROOT = macosx;
			};
			name = Debug;
		};
		17F7078DE9970E8874F97A21 /* CI */ = {
			isa = XCBuildConfiguration;
			buildSettings = {
				ALWAYS_SEARCH_USER_PATHS = NO;
				CLANG_ANALYZER_NONNULL = YES;
				CLANG_ANALYZER_NUMBER_OBJECT_CONVERSION = YES_AGGRESSIVE;
				CLANG_CXX_LANGUAGE_STANDARD = "gnu++14";
				CLANG_CXX_LIBRARY = "libc++";
				CLANG_ENABLE_MODULES = YES;
				CLANG_ENABLE_OBJC_ARC = YES;
				CLANG_ENABLE_OBJC_WEAK = YES;
				CLANG_WARN_BLOCK_CAPTURE_AUTORELEASING = YES;
				CLANG_WARN_BOOL_CONVERSION = YES;
				CLANG_WARN_COMMA = YES;
				CLANG_WARN_CONSTANT_CONVERSION = YES;
				CLANG_WARN_DEPRECATED_OBJC_IMPLEMENTATIONS = YES;
				CLANG_WARN_DIRECT_OBJC_ISA_USAGE = YES_ERROR;
				CLANG_WARN_DOCUMENTATION_COMMENTS = YES;
				CLANG_WARN_EMPTY_BODY = YES;
				CLANG_WARN_ENUM_CONVERSION = YES;
				CLANG_WARN_INFINITE_RECURSION = YES;
				CLANG_WARN_INT_CONVERSION = YES;
				CLANG_WARN_NON_LITERAL_NULL_CONVERSION = YES;
				CLANG_WARN_OBJC_IMPLICIT_RETAIN_SELF = YES;
				CLANG_WARN_OBJC_LITERAL_CONVERSION = YES;
				CLANG_WARN_OBJC_ROOT_CLASS = YES_ERROR;
				CLANG_WARN_QUOTED_INCLUDE_IN_FRAMEWORK_HEADER = YES;
				CLANG_WARN_RANGE_LOOP_ANALYSIS = YES;
				CLANG_WARN_STRICT_PROTOTYPES = YES;
				CLANG_WARN_SUSPICIOUS_MOVE = YES;
				CLANG_WARN_UNGUARDED_AVAILABILITY = YES_AGGRESSIVE;
				CLANG_WARN_UNREACHABLE_CODE = YES;
				CLANG_WARN__DUPLICATE_METHOD_MATCH = YES;
				CODE_SIGN_IDENTITY = "-";
				CODE_SIGN_STYLE = Manual;
				COPY_PHASE_STRIP = NO;
				DEBUG_INFORMATION_FORMAT = dwarf;
				DEVELOPMENT_TEAM = "";
				ENABLE_STRICT_OBJC_MSGSEND = YES;
				ENABLE_TESTABILITY = YES;
				GCC_C_LANGUAGE_STANDARD = gnu11;
				GCC_DYNAMIC_NO_PIC = NO;
				GCC_NO_COMMON_BLOCKS = YES;
				GCC_OPTIMIZATION_LEVEL = 0;
				GCC_PREPROCESSOR_DEFINITIONS = (
					"$(inherited)",
					"DEBUG=1",
				);
				GCC_WARN_64_TO_32_BIT_CONVERSION = YES;
				GCC_WARN_ABOUT_RETURN_TYPE = YES_ERROR;
				GCC_WARN_UNDECLARED_SELECTOR = YES;
				GCC_WARN_UNINITIALIZED_AUTOS = YES_AGGRESSIVE;
				GCC_WARN_UNUSED_FUNCTION = YES;
				GCC_WARN_UNUSED_VARIABLE = YES;
				IPHONEOS_DEPLOYMENT_TARGET = 14.0;
				MACOSX_DEPLOYMENT_TARGET = 11.0;
				MTL_ENABLE_DEBUG_INFO = INCLUDE_SOURCE;
				MTL_FAST_MATH = YES;
				ONLY_ACTIVE_ARCH = YES;
				PRODUCT_NAME = "$(TARGET_NAME)";
				SWIFT_ACTIVE_COMPILATION_CONDITIONS = DEBUG;
				SWIFT_OPTIMIZATION_LEVEL = "-Onone";
				SWIFT_VERSION = 5.0;
			};
			name = CI;
		};
		19693757545C1CB6501CD741 /* Debug */ = {
			isa = XCBuildConfiguration;
			buildSettings = {
				CODE_SIGN_IDENTITY = "";
				COMBINE_HIDPI_IMAGES = YES;
				CURRENT_PROJECT_VERSION = 1;
				DEFINES_MODULE = YES;
				DYLIB_COMPATIBILITY_VERSION = 1;
				DYLIB_CURRENT_VERSION = 1;
				DYLIB_INSTALL_NAME_BASE = "@rpath";
				INFOPLIST_FILE = "Frameworks/BismushKit/Supports Files/Info.plist";
				INSTALL_PATH = "$(LOCAL_LIBRARY_DIR)/Frameworks";
				LD_RUNPATH_SEARCH_PATHS = (
					"$(inherited)",
					"@executable_path/../Frameworks",
				);
				MTL_LANGUAGE_REVISION = Metal24;
				PRODUCT_BUNDLE_IDENTIFIER = "jp.mzp.bismus.BismushKit-macOS";
				PRODUCT_NAME = BismushKit;
				SDKROOT = macosx;
				SKIP_INSTALL = YES;
				VERSIONING_SYSTEM = "apple-generic";
			};
			name = Debug;
		};
		294224EFA0DB4A8637EE4172 /* Release */ = {
			isa = XCBuildConfiguration;
			buildSettings = {
				CODE_SIGN_IDENTITY = "";
				CURRENT_PROJECT_VERSION = 1;
				DEFINES_MODULE = YES;
				DYLIB_COMPATIBILITY_VERSION = 1;
				DYLIB_CURRENT_VERSION = 1;
				DYLIB_INSTALL_NAME_BASE = "@rpath";
				INFOPLIST_FILE = "Frameworks/BismushKit/Supports Files/Info.plist";
				INSTALL_PATH = "$(LOCAL_LIBRARY_DIR)/Frameworks";
				LD_RUNPATH_SEARCH_PATHS = (
					"$(inherited)",
					"@executable_path/Frameworks",
				);
				MTL_LANGUAGE_REVISION = Metal24;
				PRODUCT_BUNDLE_IDENTIFIER = "jp.mzp.bismus.BismushKit-iOS";
				PRODUCT_NAME = BismushKit;
				SDKROOT = iphoneos;
				SKIP_INSTALL = YES;
				TARGETED_DEVICE_FAMILY = "1,2";
				VERSIONING_SYSTEM = "apple-generic";
			};
			name = Release;
		};
		327DDC25EEB33553231E8B74 /* CI */ = {
			isa = XCBuildConfiguration;
			buildSettings = {
				ASSETCATALOG_COMPILER_APPICON_NAME = AppIcon;
				CODE_SIGN_ENTITLEMENTS = "Sources/Bismush/Supports Files/Bismush.entitlements";
				COMBINE_HIDPI_IMAGES = YES;
				INFOPLIST_FILE = "Sources/Supports Files/Bismush/Info.plist";
				LD_RUNPATH_SEARCH_PATHS = (
					"$(inherited)",
					"@executable_path/../Frameworks",
				);
				PRODUCT_BUNDLE_IDENTIFIER = jp.mzp.bismus.Bismush;
				SDKROOT = macosx;
			};
			name = CI;
		};
		3C68B0BE86D12A3749EAB2CA /* CI */ = {
			isa = XCBuildConfiguration;
			buildSettings = {
				BUNDLE_LOADER = "$(TEST_HOST)";
				INFOPLIST_FILE = Tests/UnitTests/BismushKit/Info.plist;
				LD_RUNPATH_SEARCH_PATHS = (
					"$(inherited)",
					"@executable_path/Frameworks",
					"@loader_path/Frameworks",
				);
				PRODUCT_BUNDLE_IDENTIFIER = "jp.mzp.bismus.BismushKit-UnitTests-iOS";
				PRODUCT_NAME = BismushKit_UnitTests;
				SDKROOT = iphoneos;
				TARGETED_DEVICE_FAMILY = "1,2";
			};
			name = CI;
		};
		48DBC58EB4F1A6A1E1F50311 /* CI */ = {
			isa = XCBuildConfiguration;
			buildSettings = {
				BUNDLE_LOADER = "$(TEST_HOST)";
				COMBINE_HIDPI_IMAGES = YES;
				INFOPLIST_FILE = Tests/UnitTests/BismushKit/Info.plist;
				LD_RUNPATH_SEARCH_PATHS = (
					"$(inherited)",
					"@executable_path/../Frameworks",
					"@loader_path/../Frameworks",
				);
				PRODUCT_BUNDLE_IDENTIFIER = "jp.mzp.bismus.BismushKit-UnitTests-macOS";
				PRODUCT_NAME = BismushKit_UnitTests;
				SDKROOT = macosx;
			};
			name = CI;
		};
		4D58A41A45D0C46EE87DCC8B /* Release */ = {
			isa = XCBuildConfiguration;
			buildSettings = {
				BUNDLE_LOADER = "$(TEST_HOST)";
				COMBINE_HIDPI_IMAGES = YES;
				INFOPLIST_FILE = Tests/UnitTests/Bismush/Info.plist;
				LD_RUNPATH_SEARCH_PATHS = (
					"$(inherited)",
					"@executable_path/../Frameworks",
					"@loader_path/../Frameworks",
				);
				PRODUCT_BUNDLE_IDENTIFIER = "jp.mzp.bismus.Bismush-UnitTests";
				SDKROOT = macosx;
				TEST_HOST = "$(BUILT_PRODUCTS_DIR)/Bismush.app/Contents/MacOS/Bismush";
			};
			name = Release;
		};
		5FC1BE5BA790A0597D0B8962 /* Debug */ = {
			isa = XCBuildConfiguration;
			buildSettings = {
				BUNDLE_LOADER = "$(TEST_HOST)";
				COMBINE_HIDPI_IMAGES = YES;
				INFOPLIST_FILE = Tests/UnitTests/BismushKit/Info.plist;
				LD_RUNPATH_SEARCH_PATHS = (
					"$(inherited)",
					"@executable_path/../Frameworks",
					"@loader_path/../Frameworks",
				);
				PRODUCT_BUNDLE_IDENTIFIER = "jp.mzp.bismus.BismushKit-UnitTests-macOS";
				PRODUCT_NAME = BismushKit_UnitTests;
				SDKROOT = macosx;
			};
			name = Debug;
		};
		68B02B73A8E2611E9CFF8411 /* CI */ = {
			isa = XCBuildConfiguration;
			buildSettings = {
				CODE_SIGN_IDENTITY = "";
				CURRENT_PROJECT_VERSION = 1;
				DEFINES_MODULE = YES;
				DYLIB_COMPATIBILITY_VERSION = 1;
				DYLIB_CURRENT_VERSION = 1;
				DYLIB_INSTALL_NAME_BASE = "@rpath";
				INFOPLIST_FILE = "Frameworks/BismushKit/Supports Files/Info.plist";
				INSTALL_PATH = "$(LOCAL_LIBRARY_DIR)/Frameworks";
				LD_RUNPATH_SEARCH_PATHS = (
					"$(inherited)",
					"@executable_path/Frameworks",
				);
				MTL_LANGUAGE_REVISION = Metal24;
				PRODUCT_BUNDLE_IDENTIFIER = "jp.mzp.bismus.BismushKit-iOS";
				PRODUCT_NAME = BismushKit;
				SDKROOT = iphoneos;
				SKIP_INSTALL = YES;
				TARGETED_DEVICE_FAMILY = "1,2";
				VERSIONING_SYSTEM = "apple-generic";
			};
			name = CI;
		};
		6E99AEA720F5071F9B9CDD96 /* Debug */ = {
			isa = XCBuildConfiguration;
			buildSettings = {
				CODE_SIGN_IDENTITY = "";
				CURRENT_PROJECT_VERSION = 1;
				DEFINES_MODULE = YES;
				DYLIB_COMPATIBILITY_VERSION = 1;
				DYLIB_CURRENT_VERSION = 1;
				DYLIB_INSTALL_NAME_BASE = "@rpath";
				INFOPLIST_FILE = "Frameworks/BismushKit/Supports Files/Info.plist";
				INSTALL_PATH = "$(LOCAL_LIBRARY_DIR)/Frameworks";
				LD_RUNPATH_SEARCH_PATHS = (
					"$(inherited)",
					"@executable_path/Frameworks",
				);
				MTL_LANGUAGE_REVISION = Metal24;
				PRODUCT_BUNDLE_IDENTIFIER = "jp.mzp.bismus.BismushKit-iOS";
				PRODUCT_NAME = BismushKit;
				SDKROOT = iphoneos;
				SKIP_INSTALL = YES;
				TARGETED_DEVICE_FAMILY = "1,2";
				VERSIONING_SYSTEM = "apple-generic";
			};
			name = Debug;
		};
		775C19AF6AC134A615B57163 /* Debug */ = {
			isa = XCBuildConfiguration;
			buildSettings = {
				ASSETCATALOG_COMPILER_APPICON_NAME = AppIcon;
				CODE_SIGN_ENTITLEMENTS = "Sources/MobileBismush/Supports Files/MobileBismush.entitlements";
				CODE_SIGN_IDENTITY = "iPhone Developer";
				INFOPLIST_FILE = "Sources/MobileBismush/Supports Files/Info.plist";
				LD_RUNPATH_SEARCH_PATHS = (
					"$(inherited)",
					"@executable_path/Frameworks",
				);
				PRODUCT_BUNDLE_IDENTIFIER = jp.mzp.bismus.MobileBismush;
				SDKROOT = iphoneos;
				SUPPORTS_MACCATALYST = YES;
				TARGETED_DEVICE_FAMILY = "1,2";
			};
			name = Debug;
		};
		807A88E696603B501E45A5E3 /* Release */ = {
			isa = XCBuildConfiguration;
			buildSettings = {
				BUNDLE_LOADER = "$(TEST_HOST)";
				INFOPLIST_FILE = Tests/UITests/MobileBismush/Info.plist;
				LD_RUNPATH_SEARCH_PATHS = (
					"$(inherited)",
					"@executable_path/Frameworks",
					"@loader_path/Frameworks",
				);
				PRODUCT_BUNDLE_IDENTIFIER = "jp.mzp.bismus.MobileBismush-UITests";
				SDKROOT = iphoneos;
				TARGETED_DEVICE_FAMILY = "1,2";
				TEST_TARGET_NAME = MobileBismush;
			};
			name = Release;
		};
		8CCFE315455E012C6F615DAE /* Debug */ = {
			isa = XCBuildConfiguration;
			buildSettings = {
				BUNDLE_LOADER = "$(TEST_HOST)";
				INFOPLIST_FILE = Tests/UnitTests/BismushKit/Info.plist;
				LD_RUNPATH_SEARCH_PATHS = (
					"$(inherited)",
					"@executable_path/Frameworks",
					"@loader_path/Frameworks",
				);
				PRODUCT_BUNDLE_IDENTIFIER = "jp.mzp.bismus.BismushKit-UnitTests-iOS";
				PRODUCT_NAME = BismushKit_UnitTests;
				SDKROOT = iphoneos;
				TARGETED_DEVICE_FAMILY = "1,2";
			};
			name = Debug;
		};
		8F698CB63B4157E6900BB438 /* Release */ = {
			isa = XCBuildConfiguration;
			buildSettings = {
				BUNDLE_LOADER = "$(TEST_HOST)";
				COMBINE_HIDPI_IMAGES = YES;
				INFOPLIST_FILE = Tests/UITests/Bismush/Info.plist;
				LD_RUNPATH_SEARCH_PATHS = (
					"$(inherited)",
					"@executable_path/Frameworks",
					"@loader_path/Frameworks",
				);
				PRODUCT_BUNDLE_IDENTIFIER = "jp.mzp.bismus.Bismush-UITests";
				SDKROOT = macosx;
				TEST_TARGET_NAME = Bismush;
			};
			name = Release;
		};
		910D68DE5BC44D6C7DACFDD2 /* Release */ = {
			isa = XCBuildConfiguration;
			buildSettings = {
				BUNDLE_LOADER = "$(TEST_HOST)";
				LD_RUNPATH_SEARCH_PATHS = (
					"$(inherited)",
					"@executable_path/Frameworks",
					"@loader_path/Frameworks",
				);
				PRODUCT_BUNDLE_IDENTIFIER = "jp.mzp.bismus.MobileBismush-UnitTests";
				SDKROOT = iphoneos;
				TARGETED_DEVICE_FAMILY = "1,2";
				TEST_HOST = "$(BUILT_PRODUCTS_DIR)/MobileBismush.app/MobileBismush";
			};
			name = Release;
		};
		93714400BF9270767DC4D5C5 /* CI */ = {
			isa = XCBuildConfiguration;
			buildSettings = {
				BUNDLE_LOADER = "$(TEST_HOST)";
				COMBINE_HIDPI_IMAGES = YES;
				INFOPLIST_FILE = Tests/UnitTests/Bismush/Info.plist;
				LD_RUNPATH_SEARCH_PATHS = (
					"$(inherited)",
					"@executable_path/../Frameworks",
					"@loader_path/../Frameworks",
				);
				PRODUCT_BUNDLE_IDENTIFIER = "jp.mzp.bismus.Bismush-UnitTests";
				SDKROOT = macosx;
				TEST_HOST = "$(BUILT_PRODUCTS_DIR)/Bismush.app/Contents/MacOS/Bismush";
			};
			name = CI;
		};
		AADE843A355C21EB4347FE87 /* Debug */ = {
			isa = XCBuildConfiguration;
			buildSettings = {
				BUNDLE_LOADER = "$(TEST_HOST)";
				COMBINE_HIDPI_IMAGES = YES;
				INFOPLIST_FILE = Tests/UITests/Bismush/Info.plist;
				LD_RUNPATH_SEARCH_PATHS = (
					"$(inherited)",
					"@executable_path/Frameworks",
					"@loader_path/Frameworks",
				);
				PRODUCT_BUNDLE_IDENTIFIER = "jp.mzp.bismus.Bismush-UITests";
				SDKROOT = macosx;
				TEST_TARGET_NAME = Bismush;
			};
			name = Debug;
		};
		B16B0F6079AA21031E2A2DC4 /* Release */ = {
			isa = XCBuildConfiguration;
			buildSettings = {
				ALWAYS_SEARCH_USER_PATHS = NO;
				CLANG_ANALYZER_NONNULL = YES;
				CLANG_ANALYZER_NUMBER_OBJECT_CONVERSION = YES_AGGRESSIVE;
				CLANG_CXX_LANGUAGE_STANDARD = "gnu++14";
				CLANG_CXX_LIBRARY = "libc++";
				CLANG_ENABLE_MODULES = YES;
				CLANG_ENABLE_OBJC_ARC = YES;
				CLANG_ENABLE_OBJC_WEAK = YES;
				CLANG_WARN_BLOCK_CAPTURE_AUTORELEASING = YES;
				CLANG_WARN_BOOL_CONVERSION = YES;
				CLANG_WARN_COMMA = YES;
				CLANG_WARN_CONSTANT_CONVERSION = YES;
				CLANG_WARN_DEPRECATED_OBJC_IMPLEMENTATIONS = YES;
				CLANG_WARN_DIRECT_OBJC_ISA_USAGE = YES_ERROR;
				CLANG_WARN_DOCUMENTATION_COMMENTS = YES;
				CLANG_WARN_EMPTY_BODY = YES;
				CLANG_WARN_ENUM_CONVERSION = YES;
				CLANG_WARN_INFINITE_RECURSION = YES;
				CLANG_WARN_INT_CONVERSION = YES;
				CLANG_WARN_NON_LITERAL_NULL_CONVERSION = YES;
				CLANG_WARN_OBJC_IMPLICIT_RETAIN_SELF = YES;
				CLANG_WARN_OBJC_LITERAL_CONVERSION = YES;
				CLANG_WARN_OBJC_ROOT_CLASS = YES_ERROR;
				CLANG_WARN_QUOTED_INCLUDE_IN_FRAMEWORK_HEADER = YES;
				CLANG_WARN_RANGE_LOOP_ANALYSIS = YES;
				CLANG_WARN_STRICT_PROTOTYPES = YES;
				CLANG_WARN_SUSPICIOUS_MOVE = YES;
				CLANG_WARN_UNGUARDED_AVAILABILITY = YES_AGGRESSIVE;
				CLANG_WARN_UNREACHABLE_CODE = YES;
				CLANG_WARN__DUPLICATE_METHOD_MATCH = YES;
				CODE_SIGN_IDENTITY = "-";
				CODE_SIGN_STYLE = Automatic;
				COPY_PHASE_STRIP = NO;
				DEBUG_INFORMATION_FORMAT = "dwarf-with-dsym";
				DEVELOPMENT_TEAM = VG2YYSKSHY;
				ENABLE_NS_ASSERTIONS = NO;
				ENABLE_STRICT_OBJC_MSGSEND = YES;
				GCC_C_LANGUAGE_STANDARD = gnu11;
				GCC_NO_COMMON_BLOCKS = YES;
				GCC_WARN_64_TO_32_BIT_CONVERSION = YES;
				GCC_WARN_ABOUT_RETURN_TYPE = YES_ERROR;
				GCC_WARN_UNDECLARED_SELECTOR = YES;
				GCC_WARN_UNINITIALIZED_AUTOS = YES_AGGRESSIVE;
				GCC_WARN_UNUSED_FUNCTION = YES;
				GCC_WARN_UNUSED_VARIABLE = YES;
				IPHONEOS_DEPLOYMENT_TARGET = 14.0;
				MACOSX_DEPLOYMENT_TARGET = 11.0;
				MTL_ENABLE_DEBUG_INFO = NO;
				MTL_FAST_MATH = YES;
				PRODUCT_NAME = "$(TARGET_NAME)";
				SWIFT_COMPILATION_MODE = wholemodule;
				SWIFT_OPTIMIZATION_LEVEL = "-O";
				SWIFT_VERSION = 5.0;
			};
			name = Release;
		};
		BDEB9764D13F385E4FB67B5C /* CI */ = {
			isa = XCBuildConfiguration;
			buildSettings = {
				CODE_SIGN_IDENTITY = "";
				COMBINE_HIDPI_IMAGES = YES;
				CURRENT_PROJECT_VERSION = 1;
				DEFINES_MODULE = YES;
				DYLIB_COMPATIBILITY_VERSION = 1;
				DYLIB_CURRENT_VERSION = 1;
				DYLIB_INSTALL_NAME_BASE = "@rpath";
				INFOPLIST_FILE = "Frameworks/BismushKit/Supports Files/Info.plist";
				INSTALL_PATH = "$(LOCAL_LIBRARY_DIR)/Frameworks";
				LD_RUNPATH_SEARCH_PATHS = (
					"$(inherited)",
					"@executable_path/../Frameworks",
				);
				MTL_LANGUAGE_REVISION = Metal24;
				PRODUCT_BUNDLE_IDENTIFIER = "jp.mzp.bismus.BismushKit-macOS";
				PRODUCT_NAME = BismushKit;
				SDKROOT = macosx;
				SKIP_INSTALL = YES;
				VERSIONING_SYSTEM = "apple-generic";
			};
			name = CI;
		};
		C39AC0374FED507044F5C9CF /* CI */ = {
			isa = XCBuildConfiguration;
			buildSettings = {
				ASSETCATALOG_COMPILER_APPICON_NAME = AppIcon;
				CODE_SIGN_ENTITLEMENTS = "Sources/MobileBismush/Supports Files/MobileBismush.entitlements";
				CODE_SIGN_IDENTITY = "iPhone Developer";
				INFOPLIST_FILE = "Sources/MobileBismush/Supports Files/Info.plist";
				LD_RUNPATH_SEARCH_PATHS = (
					"$(inherited)",
					"@executable_path/Frameworks",
				);
				PRODUCT_BUNDLE_IDENTIFIER = jp.mzp.bismus.MobileBismush;
				SDKROOT = iphoneos;
				SUPPORTS_MACCATALYST = YES;
				TARGETED_DEVICE_FAMILY = "1,2";
			};
			name = CI;
		};
		C766F71377A89F0743C28EB9 /* CI */ = {
			isa = XCBuildConfiguration;
			buildSettings = {
				BUNDLE_LOADER = "$(TEST_HOST)";
				LD_RUNPATH_SEARCH_PATHS = (
					"$(inherited)",
					"@executable_path/Frameworks",
					"@loader_path/Frameworks",
				);
				PRODUCT_BUNDLE_IDENTIFIER = "jp.mzp.bismus.MobileBismush-UnitTests";
				SDKROOT = iphoneos;
				TARGETED_DEVICE_FAMILY = "1,2";
				TEST_HOST = "$(BUILT_PRODUCTS_DIR)/MobileBismush.app/MobileBismush";
			};
			name = CI;
		};
		CB2B49E6833EA6AD8BFB3162 /* Release */ = {
			isa = XCBuildConfiguration;
			buildSettings = {
				BUNDLE_LOADER = "$(TEST_HOST)";
				COMBINE_HIDPI_IMAGES = YES;
				INFOPLIST_FILE = Tests/UnitTests/BismushKit/Info.plist;
				LD_RUNPATH_SEARCH_PATHS = (
					"$(inherited)",
					"@executable_path/../Frameworks",
					"@loader_path/../Frameworks",
				);
				PRODUCT_BUNDLE_IDENTIFIER = "jp.mzp.bismus.BismushKit-UnitTests-macOS";
				PRODUCT_NAME = BismushKit_UnitTests;
				SDKROOT = macosx;
			};
			name = Release;
		};
		D93CC51E6D98F421F2B527D9 /* Debug */ = {
			isa = XCBuildConfiguration;
			buildSettings = {
				BUNDLE_LOADER = "$(TEST_HOST)";
				INFOPLIST_FILE = Tests/UITests/MobileBismush/Info.plist;
				LD_RUNPATH_SEARCH_PATHS = (
					"$(inherited)",
					"@executable_path/Frameworks",
					"@loader_path/Frameworks",
				);
				PRODUCT_BUNDLE_IDENTIFIER = "jp.mzp.bismus.MobileBismush-UITests";
				SDKROOT = iphoneos;
				TARGETED_DEVICE_FAMILY = "1,2";
				TEST_TARGET_NAME = MobileBismush;
			};
			name = Debug;
		};
		E50DE3A3B731CB6E5FB08E9E /* Debug */ = {
			isa = XCBuildConfiguration;
			buildSettings = {
				BUNDLE_LOADER = "$(TEST_HOST)";
				COMBINE_HIDPI_IMAGES = YES;
				INFOPLIST_FILE = Tests/UnitTests/Bismush/Info.plist;
				LD_RUNPATH_SEARCH_PATHS = (
					"$(inherited)",
					"@executable_path/../Frameworks",
					"@loader_path/../Frameworks",
				);
				PRODUCT_BUNDLE_IDENTIFIER = "jp.mzp.bismus.Bismush-UnitTests";
				SDKROOT = macosx;
				TEST_HOST = "$(BUILT_PRODUCTS_DIR)/Bismush.app/Contents/MacOS/Bismush";
			};
			name = Debug;
		};
		EDAF37F8B12AE97E34B54066 /* CI */ = {
			isa = XCBuildConfiguration;
			buildSettings = {
				BUNDLE_LOADER = "$(TEST_HOST)";
				COMBINE_HIDPI_IMAGES = YES;
				INFOPLIST_FILE = Tests/UITests/Bismush/Info.plist;
				LD_RUNPATH_SEARCH_PATHS = (
					"$(inherited)",
					"@executable_path/Frameworks",
					"@loader_path/Frameworks",
				);
				PRODUCT_BUNDLE_IDENTIFIER = "jp.mzp.bismus.Bismush-UITests";
				SDKROOT = macosx;
				TEST_TARGET_NAME = Bismush;
			};
			name = CI;
		};
		F97166430152DAB48082786F /* Debug */ = {
			isa = XCBuildConfiguration;
			buildSettings = {
				ALWAYS_SEARCH_USER_PATHS = NO;
				CLANG_ANALYZER_NONNULL = YES;
				CLANG_ANALYZER_NUMBER_OBJECT_CONVERSION = YES_AGGRESSIVE;
				CLANG_CXX_LANGUAGE_STANDARD = "gnu++14";
				CLANG_CXX_LIBRARY = "libc++";
				CLANG_ENABLE_MODULES = YES;
				CLANG_ENABLE_OBJC_ARC = YES;
				CLANG_ENABLE_OBJC_WEAK = YES;
				CLANG_WARN_BLOCK_CAPTURE_AUTORELEASING = YES;
				CLANG_WARN_BOOL_CONVERSION = YES;
				CLANG_WARN_COMMA = YES;
				CLANG_WARN_CONSTANT_CONVERSION = YES;
				CLANG_WARN_DEPRECATED_OBJC_IMPLEMENTATIONS = YES;
				CLANG_WARN_DIRECT_OBJC_ISA_USAGE = YES_ERROR;
				CLANG_WARN_DOCUMENTATION_COMMENTS = YES;
				CLANG_WARN_EMPTY_BODY = YES;
				CLANG_WARN_ENUM_CONVERSION = YES;
				CLANG_WARN_INFINITE_RECURSION = YES;
				CLANG_WARN_INT_CONVERSION = YES;
				CLANG_WARN_NON_LITERAL_NULL_CONVERSION = YES;
				CLANG_WARN_OBJC_IMPLICIT_RETAIN_SELF = YES;
				CLANG_WARN_OBJC_LITERAL_CONVERSION = YES;
				CLANG_WARN_OBJC_ROOT_CLASS = YES_ERROR;
				CLANG_WARN_QUOTED_INCLUDE_IN_FRAMEWORK_HEADER = YES;
				CLANG_WARN_RANGE_LOOP_ANALYSIS = YES;
				CLANG_WARN_STRICT_PROTOTYPES = YES;
				CLANG_WARN_SUSPICIOUS_MOVE = YES;
				CLANG_WARN_UNGUARDED_AVAILABILITY = YES_AGGRESSIVE;
				CLANG_WARN_UNREACHABLE_CODE = YES;
				CLANG_WARN__DUPLICATE_METHOD_MATCH = YES;
				CODE_SIGN_IDENTITY = "-";
				CODE_SIGN_STYLE = Automatic;
				COPY_PHASE_STRIP = NO;
				DEBUG_INFORMATION_FORMAT = dwarf;
				DEVELOPMENT_TEAM = VG2YYSKSHY;
				ENABLE_STRICT_OBJC_MSGSEND = YES;
				ENABLE_TESTABILITY = YES;
				GCC_C_LANGUAGE_STANDARD = gnu11;
				GCC_DYNAMIC_NO_PIC = NO;
				GCC_NO_COMMON_BLOCKS = YES;
				GCC_OPTIMIZATION_LEVEL = 0;
				GCC_PREPROCESSOR_DEFINITIONS = (
					"$(inherited)",
					"DEBUG=1",
				);
				GCC_WARN_64_TO_32_BIT_CONVERSION = YES;
				GCC_WARN_ABOUT_RETURN_TYPE = YES_ERROR;
				GCC_WARN_UNDECLARED_SELECTOR = YES;
				GCC_WARN_UNINITIALIZED_AUTOS = YES_AGGRESSIVE;
				GCC_WARN_UNUSED_FUNCTION = YES;
				GCC_WARN_UNUSED_VARIABLE = YES;
				IPHONEOS_DEPLOYMENT_TARGET = 14.0;
				MACOSX_DEPLOYMENT_TARGET = 11.0;
				MTL_ENABLE_DEBUG_INFO = INCLUDE_SOURCE;
				MTL_FAST_MATH = YES;
				ONLY_ACTIVE_ARCH = YES;
				PRODUCT_NAME = "$(TARGET_NAME)";
				SWIFT_ACTIVE_COMPILATION_CONDITIONS = DEBUG;
				SWIFT_OPTIMIZATION_LEVEL = "-Onone";
				SWIFT_VERSION = 5.0;
			};
			name = Debug;
		};
		FB034991778A2F5313E6A905 /* Release */ = {
			isa = XCBuildConfiguration;
			buildSettings = {
				ASSETCATALOG_COMPILER_APPICON_NAME = AppIcon;
				CODE_SIGN_ENTITLEMENTS = "Sources/MobileBismush/Supports Files/MobileBismush.entitlements";
				CODE_SIGN_IDENTITY = "iPhone Developer";
				INFOPLIST_FILE = "Sources/MobileBismush/Supports Files/Info.plist";
				LD_RUNPATH_SEARCH_PATHS = (
					"$(inherited)",
					"@executable_path/Frameworks",
				);
				PRODUCT_BUNDLE_IDENTIFIER = jp.mzp.bismus.MobileBismush;
				SDKROOT = iphoneos;
				SUPPORTS_MACCATALYST = YES;
				TARGETED_DEVICE_FAMILY = "1,2";
			};
			name = Release;
		};
		FB26399D6C1D32F1CDF34EA3 /* Release */ = {
			isa = XCBuildConfiguration;
			buildSettings = {
				BUNDLE_LOADER = "$(TEST_HOST)";
				INFOPLIST_FILE = Tests/UnitTests/BismushKit/Info.plist;
				LD_RUNPATH_SEARCH_PATHS = (
					"$(inherited)",
					"@executable_path/Frameworks",
					"@loader_path/Frameworks",
				);
				PRODUCT_BUNDLE_IDENTIFIER = "jp.mzp.bismus.BismushKit-UnitTests-iOS";
				PRODUCT_NAME = BismushKit_UnitTests;
				SDKROOT = iphoneos;
				TARGETED_DEVICE_FAMILY = "1,2";
			};
			name = Release;
		};
/* End XCBuildConfiguration section */

/* Begin XCConfigurationList section */
		1411B5A57CA3255FDAD21181 /* Build configuration list for PBXProject "Bismush" */ = {
			isa = XCConfigurationList;
			buildConfigurations = (
				17F7078DE9970E8874F97A21 /* CI */,
				F97166430152DAB48082786F /* Debug */,
				B16B0F6079AA21031E2A2DC4 /* Release */,
			);
			defaultConfigurationIsVisible = 0;
			defaultConfigurationName = CI;
		};
		286210535432A915E55F0177 /* Build configuration list for PBXNativeTarget "Bismush" */ = {
			isa = XCConfigurationList;
			buildConfigurations = (
				327DDC25EEB33553231E8B74 /* CI */,
				0C693C252D4C1327067A718A /* Debug */,
				01B4C340BD78B35CF1F2C6D5 /* Release */,
			);
			defaultConfigurationIsVisible = 0;
			defaultConfigurationName = CI;
		};
		2D2C7CA078DB8ECCBEAEE61C /* Build configuration list for PBXNativeTarget "BismushKit_UnitTests_macOS" */ = {
			isa = XCConfigurationList;
			buildConfigurations = (
				48DBC58EB4F1A6A1E1F50311 /* CI */,
				5FC1BE5BA790A0597D0B8962 /* Debug */,
				CB2B49E6833EA6AD8BFB3162 /* Release */,
			);
			defaultConfigurationIsVisible = 0;
			defaultConfigurationName = CI;
		};
		3C31ED5DDEC6ACEA0DB7E214 /* Build configuration list for PBXNativeTarget "BismushKit_macOS" */ = {
			isa = XCConfigurationList;
			buildConfigurations = (
				BDEB9764D13F385E4FB67B5C /* CI */,
				19693757545C1CB6501CD741 /* Debug */,
				09F0184F3B7B0EDCD7B59230 /* Release */,
			);
			defaultConfigurationIsVisible = 0;
			defaultConfigurationName = CI;
		};
		5A6C8A0A28E1AB3F39D957F7 /* Build configuration list for PBXNativeTarget "BismushKit_iOS" */ = {
			isa = XCConfigurationList;
			buildConfigurations = (
				68B02B73A8E2611E9CFF8411 /* CI */,
				6E99AEA720F5071F9B9CDD96 /* Debug */,
				294224EFA0DB4A8637EE4172 /* Release */,
			);
			defaultConfigurationIsVisible = 0;
			defaultConfigurationName = CI;
		};
		5D32955C1B99217A68728DF5 /* Build configuration list for PBXNativeTarget "MobileBismush_UnitTests" */ = {
			isa = XCConfigurationList;
			buildConfigurations = (
				C766F71377A89F0743C28EB9 /* CI */,
				0423BD3EE024495ADBA48B8D /* Debug */,
				910D68DE5BC44D6C7DACFDD2 /* Release */,
			);
			defaultConfigurationIsVisible = 0;
			defaultConfigurationName = CI;
		};
		A17E5B806E91424AB3B654B2 /* Build configuration list for PBXNativeTarget "MobileBismush_UITests" */ = {
			isa = XCConfigurationList;
			buildConfigurations = (
				0909F9314EA783AD4386E0B2 /* CI */,
				D93CC51E6D98F421F2B527D9 /* Debug */,
				807A88E696603B501E45A5E3 /* Release */,
			);
			defaultConfigurationIsVisible = 0;
			defaultConfigurationName = CI;
		};
		B651D845993C10F52685C870 /* Build configuration list for PBXNativeTarget "MobileBismush" */ = {
			isa = XCConfigurationList;
			buildConfigurations = (
				C39AC0374FED507044F5C9CF /* CI */,
				775C19AF6AC134A615B57163 /* Debug */,
				FB034991778A2F5313E6A905 /* Release */,
			);
			defaultConfigurationIsVisible = 0;
			defaultConfigurationName = CI;
		};
		BCEE6E4A5893C396566ED937 /* Build configuration list for PBXNativeTarget "Bismush_UnitTests" */ = {
			isa = XCConfigurationList;
			buildConfigurations = (
				93714400BF9270767DC4D5C5 /* CI */,
				E50DE3A3B731CB6E5FB08E9E /* Debug */,
				4D58A41A45D0C46EE87DCC8B /* Release */,
			);
			defaultConfigurationIsVisible = 0;
			defaultConfigurationName = CI;
		};
		F954FE6637A81D6FB78CBFAD /* Build configuration list for PBXNativeTarget "BismushKit_UnitTests_iOS" */ = {
			isa = XCConfigurationList;
			buildConfigurations = (
				3C68B0BE86D12A3749EAB2CA /* CI */,
				8CCFE315455E012C6F615DAE /* Debug */,
				FB26399D6C1D32F1CDF34EA3 /* Release */,
			);
			defaultConfigurationIsVisible = 0;
			defaultConfigurationName = CI;
		};
		FDF53BC90982F1AE6918360A /* Build configuration list for PBXNativeTarget "Bismush_UITests" */ = {
			isa = XCConfigurationList;
			buildConfigurations = (
				EDAF37F8B12AE97E34B54066 /* CI */,
				AADE843A355C21EB4347FE87 /* Debug */,
				8F698CB63B4157E6900BB438 /* Release */,
			);
			defaultConfigurationIsVisible = 0;
			defaultConfigurationName = CI;
		};
/* End XCConfigurationList section */
	};
	rootObject = E03DBEA92E5CBF646017B99C /* Project object */;
}
